// !$*UTF8*$!
{
	archiveVersion = 1;
	classes = {
	};
	objectVersion = 77;
	objects = {

/* Begin PBXBuildFile section */
		00A4D9E8097FD64B9A060964 /* MuscleVisualBlock.swift in Sources */ = {isa = PBXBuildFile; fileRef = 3BFB5D5CE95E571387E9D1C0 /* MuscleVisualBlock.swift */; };
		01CB4AC5DDE5ABD17EBFFEE9 /* LottieView.swift in Sources */ = {isa = PBXBuildFile; fileRef = 0248671AE93BF975A90389AD /* LottieView.swift */; };
		04BF37E058F0FB0D5085E382 /* PlateCalculatorSheet.swift in Sources */ = {isa = PBXBuildFile; fileRef = F8D7C1393538F9AEC41B4A7F /* PlateCalculatorSheet.swift */; };
		060B4BAABA688BD0007AD51C /* AISummary.swift in Sources */ = {isa = PBXBuildFile; fileRef = A015C1CBD0ADEA27FDC680FC /* AISummary.swift */; };
		065D18A391A35FE37DAE4455 /* MusclesPickerSheet.swift in Sources */ = {isa = PBXBuildFile; fileRef = F9B75264B14BF7AA46A5CC5A /* MusclesPickerSheet.swift */; };
		073B17B64DFD1C33740E76AB /* WorkoutCalendarScreen.swift in Sources */ = {isa = PBXBuildFile; fileRef = E971064231D3F55030DBE2F5 /* WorkoutCalendarScreen.swift */; };
		09AE7E2E86BAA6503292E0E4 /* exercises-matched.json in Resources */ = {isa = PBXBuildFile; fileRef = D4C5F3E72ADD7E2C06CE3FED /* exercises-matched.json */; };
		0C9DFCCE90F73336451E893C /* HealthKitService.swift in Sources */ = {isa = PBXBuildFile; fileRef = C9CFBD927255937085E3C209 /* HealthKitService.swift */; };
		1047791541144FB813063EC2 /* SoundPlayer.swift in Sources */ = {isa = PBXBuildFile; fileRef = B91FB80311BBA14D7AAC8FBF /* SoundPlayer.swift */; };
		148E3CFD76C6112B00ABA196 /* AISummaryCard.swift in Sources */ = {isa = PBXBuildFile; fileRef = 88890E68F3513CC6BC233F84 /* AISummaryCard.swift */; };
		1605075E6DF23E750E90BD9A /* MasoBrandLogo.swift in Sources */ = {isa = PBXBuildFile; fileRef = 80FD6F69FE62071220B54EDF /* MasoBrandLogo.swift */; };
		1693D53DEA42CCA1AB8E4409 /* InsightsChartsView.swift in Sources */ = {isa = PBXBuildFile; fileRef = EF44FB435946D62FFB510C3B /* InsightsChartsView.swift */; };
		16A44867546198C2D36C1451 /* InfoPlist.strings in Resources */ = {isa = PBXBuildFile; fileRef = AEA50F58EB721CCD8002CC2C /* InfoPlist.strings */; };
		174D49704B0D1EEC7974C877 /* _progress.md in Resources */ = {isa = PBXBuildFile; fileRef = 66148E10896DB30778E6C89D /* _progress.md */; };
		17D9E2729D5EB223EF42F762 /* AppRouter.swift in Sources */ = {isa = PBXBuildFile; fileRef = 749D14202F2DADE9E946D07D /* AppRouter.swift */; };
		182CFCDB8E25839EB82276AC /* CrossFadeFrames.swift in Sources */ = {isa = PBXBuildFile; fileRef = 0070D8A3C7E1513A852DFDDA /* CrossFadeFrames.swift */; };
		19791342BC2C6807AB08C623 /* WorkoutDetailShareCard.swift in Sources */ = {isa = PBXBuildFile; fileRef = 5C92872E5E637979EE00974B /* WorkoutDetailShareCard.swift */; };
		1A52CF157E55BE3997571C63 /* LanguagePickerSheet.swift in Sources */ = {isa = PBXBuildFile; fileRef = 4161A34A2AE629582280FF70 /* LanguagePickerSheet.swift */; };
		1BF1C9F054E628089F2B6CDF /* NumStepperField.swift in Sources */ = {isa = PBXBuildFile; fileRef = 0C2072C444E5B90F0EC1A07C /* NumStepperField.swift */; };
		1E75AB0DB92635528D580692 /* TrainingSession.swift in Sources */ = {isa = PBXBuildFile; fileRef = 7D7F0F064D3300FEAAE9ABE8 /* TrainingSession.swift */; };
		1F035E39D422ABF9C2F15D94 /* AnalyticsInspectorScreen.swift in Sources */ = {isa = PBXBuildFile; fileRef = 3745A13C1D2084D9DE846A9B /* AnalyticsInspectorScreen.swift */; };
		20C953FA7A818738E35FD6F2 /* FeedbackStore.swift in Sources */ = {isa = PBXBuildFile; fileRef = 354F3329C6D8C991F0297879 /* FeedbackStore.swift */; };
		21EE6684F038A29EB4A5DB01 /* TrainingActivityAttributes.swift in Sources */ = {isa = PBXBuildFile; fileRef = 4E94E7A863D7DD87C5C4EB7D /* TrainingActivityAttributes.swift */; };
		26947FA4559E9CCC47AF90D7 /* _review-queue-decisions.json in Resources */ = {isa = PBXBuildFile; fileRef = A312E7F5CEA8FACE3E0183FA /* _review-queue-decisions.json */; };
		2911B010C07D8A9CE402F8A1 /* CommunityPlans.swift in Sources */ = {isa = PBXBuildFile; fileRef = E4CD0A6C911CC31064AFC8D4 /* CommunityPlans.swift */; };
		295AC2CEBA8187E2ECECB643 /* ShareImageRenderer.swift in Sources */ = {isa = PBXBuildFile; fileRef = C23B6D56681E2D7861F4E5E2 /* ShareImageRenderer.swift */; };
		2977FB3704410158FB0D2391 /* SettingsScreen.swift in Sources */ = {isa = PBXBuildFile; fileRef = FEDA5CD52A27EE48B089AD46 /* SettingsScreen.swift */; };
		29FB1C6513BECACF4FED08D5 /* WatchSyncManager.swift in Sources */ = {isa = PBXBuildFile; fileRef = 39B0ED7125E3D12AB47C8D52 /* WatchSyncManager.swift */; };
		2A8850718E62ACE893EEF2D8 /* AnimeBodyView.swift in Sources */ = {isa = PBXBuildFile; fileRef = 7546A6BF24D431EDFC2405E6 /* AnimeBodyView.swift */; };
		2B7135D783046C4EAEF60FA4 /* SessionPersistence.swift in Sources */ = {isa = PBXBuildFile; fileRef = 291EB7D06E7999D43C70577F /* SessionPersistence.swift */; };
		2CA0BA9D5B19CC61336C6B22 /* Localizable.strings in Resources */ = {isa = PBXBuildFile; fileRef = AB7C9BA46E401E4602116ADA /* Localizable.strings */; };
		2D2BA8727CE9F97CB82972D4 /* SpeechManager.swift in Sources */ = {isa = PBXBuildFile; fileRef = 3901E5D4EB6430B5A6682418 /* SpeechManager.swift */; };
		2D3A7A870943A8CCBA2F97AD /* _orphan-old-exercises.md in Resources */ = {isa = PBXBuildFile; fileRef = 78E9AE6303C3221E696A4367 /* _orphan-old-exercises.md */; };
		2E01B7CC1D7C6DEF94C4618B /* MuscleMapping.swift in Sources */ = {isa = PBXBuildFile; fileRef = 1545AEA651F97CD56E65D4E5 /* MuscleMapping.swift */; };
		2EE919ED70D16641A51C3E19 /* Analytics.swift in Sources */ = {isa = PBXBuildFile; fileRef = 4F719EC148B5D7C878DB3DB5 /* Analytics.swift */; };
		2F004DE222001D4A20537ECF /* TrainingMiniBar.swift in Sources */ = {isa = PBXBuildFile; fileRef = 62E064A64B1EC7A66DB6C306 /* TrainingMiniBar.swift */; };
		30768B59B80E718006BC449F /* WeeklyFrequencyShareCard.swift in Sources */ = {isa = PBXBuildFile; fileRef = 5AE16FB98CDFE5B432B63488 /* WeeklyFrequencyShareCard.swift */; };
		31264938BC7DA74E6910F618 /* ExerciseTagsRow.swift in Sources */ = {isa = PBXBuildFile; fileRef = 4DACD2EC09799CF0ACC9176F /* ExerciseTagsRow.swift */; };
		3185682ED3B418530F91D1A7 /* MasoWatch.app in Embed Watch Content */ = {isa = PBXBuildFile; fileRef = 41C0AC08779818D878F224D9 /* MasoWatch.app */; settings = {ATTRIBUTES = (RemoveHeadersOnCopy, ); }; };
		31BF55F4883B0DBAD9BAD245 /* QuickWorkoutScreen.swift in Sources */ = {isa = PBXBuildFile; fileRef = CC12963E5718515334FAF5A8 /* QuickWorkoutScreen.swift */; };
		32B6BB86E50B517AAF980F3E /* MuscleMap in Frameworks */ = {isa = PBXBuildFile; productRef = A51CA81287BF42F6C0DF248E /* MuscleMap */; };
		37D0EB70BF12A1DC0AA2ACD7 /* MuscleSynergy.swift in Sources */ = {isa = PBXBuildFile; fileRef = 4E46EC3F68E92686D08B88D5 /* MuscleSynergy.swift */; };
		38D1739297A938C766CE3B89 /* WatchViews.swift in Sources */ = {isa = PBXBuildFile; fileRef = 8C75A0DE1EC23A7DCDE065D6 /* WatchViews.swift */; };
		39757B65C5BD9D0B02EC5409 /* 5-core-stretching.json in Resources */ = {isa = PBXBuildFile; fileRef = 42B82AED23B3DDCA887C1263 /* 5-core-stretching.json */; };
		3DD250B994DE2ECE262AAF96 /* MuscleStatusOverviewCard.swift in Sources */ = {isa = PBXBuildFile; fileRef = CFD21DF2E0041A5BFFACB388 /* MuscleStatusOverviewCard.swift */; };
		3DD8048F21FA7BB1FDEFBCEF /* ProBanner.swift in Sources */ = {isa = PBXBuildFile; fileRef = 50A10E5E18C4925F0ACEC2C6 /* ProBanner.swift */; };
		40078C2D70FF7B982CB41B4B /* InfoPlist.strings in Resources */ = {isa = PBXBuildFile; fileRef = 85E7D9A5584A6797544E11DF /* InfoPlist.strings */; };
		4045DC14ACF646BD6B5E5B20 /* Formatters.swift in Sources */ = {isa = PBXBuildFile; fileRef = F2C7B1AA85268521E018CA24 /* Formatters.swift */; };
		44876A2FF7F8EF483848DD3F /* _canonical-examples.json in Resources */ = {isa = PBXBuildFile; fileRef = 0685655F9D540D1B4497977C /* _canonical-examples.json */; };
		4921E4C7CD778A4E81EBEBA8 /* Anatomy.swift in Sources */ = {isa = PBXBuildFile; fileRef = CEEE409128074A2BE3999170 /* Anatomy.swift */; };
		532DFBDCD4B16B6F58710B61 /* CommunityScreen.swift in Sources */ = {isa = PBXBuildFile; fileRef = 9650F52BD29FC327FE503B9B /* CommunityScreen.swift */; };
		56D4D47EC11CD4F3E8AA99C6 /* TodayScreen.swift in Sources */ = {isa = PBXBuildFile; fileRef = 4A2FC82B09BFE985CB928FDB /* TodayScreen.swift */; };
		56E3B748AC3176A24A1F72B9 /* FilterMenuButton.swift in Sources */ = {isa = PBXBuildFile; fileRef = E392D3BCA567E27D36082C9C /* FilterMenuButton.swift */; };
		572CC3292D5F414A89B53C1C /* AddExerciseSheets.swift in Sources */ = {isa = PBXBuildFile; fileRef = 4C0ABD6ABBC04D5462687B22 /* AddExerciseSheets.swift */; };
		58B55D526157588452E3D831 /* WatchBridge.swift in Sources */ = {isa = PBXBuildFile; fileRef = BF854A389D2582A6CF015F7D /* WatchBridge.swift */; };
		5E76B801E37532F221C5EA18 /* ShareCardFooter.swift in Sources */ = {isa = PBXBuildFile; fileRef = 59EC9219101B66F7B497AB18 /* ShareCardFooter.swift */; };
		5F64262B4143CB2032821AC5 /* 4-legs.json in Resources */ = {isa = PBXBuildFile; fileRef = 3B81F5BBF4E68644835BBCE7 /* 4-legs.json */; };
		6076960B399F6AEE4BE34B89 /* HistoryScreen.swift in Sources */ = {isa = PBXBuildFile; fileRef = 604E1A67DFCA8AEA8D2EB767 /* HistoryScreen.swift */; };
		646C03A757E2E933B14C2673 /* MasoWatchApp.swift in Sources */ = {isa = PBXBuildFile; fileRef = ED5F46664DB595CE345ED1F9 /* MasoWatchApp.swift */; };
		6617A19E1CBB579C44E72988 /* WatchSyncState.swift in Sources */ = {isa = PBXBuildFile; fileRef = 488DC55B655AADC17C698B17 /* WatchSyncState.swift */; };
		675F46DE13174897BC8316A7 /* LanguageManager.swift in Sources */ = {isa = PBXBuildFile; fileRef = 0B9791F0998275E09C5575AD /* LanguageManager.swift */; };
		688D1CA5D81E668665F0EBC6 /* DataStore.swift in Sources */ = {isa = PBXBuildFile; fileRef = FEB924488C05EA5A27B8B504 /* DataStore.swift */; };
		692DD540E336629461989253 /* SwipeableRow.swift in Sources */ = {isa = PBXBuildFile; fileRef = 1A36C4336039446730B6DF52 /* SwipeableRow.swift */; };
		6C9D32CC850C9DCBA8556101 /* MasoTrainingLiveActivity.swift in Sources */ = {isa = PBXBuildFile; fileRef = F23A1B6576340183A91DC77A /* MasoTrainingLiveActivity.swift */; };
		6D60477E08F4B84BC1C8DF8E /* MasoApp.swift in Sources */ = {isa = PBXBuildFile; fileRef = 88FD8C8AE888DB6357031DB6 /* MasoApp.swift */; };
		6E1809EAABCBCFBEF138772C /* WorkoutReminderScheduler.swift in Sources */ = {isa = PBXBuildFile; fileRef = 35C81E839F1BA51AF2F89F2D /* WorkoutReminderScheduler.swift */; };
		70639D2DC8C6A85D484742AC /* RestNotificationScheduler.swift in Sources */ = {isa = PBXBuildFile; fileRef = 5B068DFBBE373F9C69D094F3 /* RestNotificationScheduler.swift */; };
		73731653E1B5D8523F41DFA4 /* ExerciseLibrary.swift in Sources */ = {isa = PBXBuildFile; fileRef = 32577D31F28D36498F96BE6B /* ExerciseLibrary.swift */; };
		73A663C1917B312B7D2AE66C /* LimitedFlowLayout.swift in Sources */ = {isa = PBXBuildFile; fileRef = DFBD3B16C9810A2419F041FA /* LimitedFlowLayout.swift */; };
		7569DFE706941F606D7A84A0 /* SessionShareCard.swift in Sources */ = {isa = PBXBuildFile; fileRef = 4FAF7A7E839EEE640A8B4CC9 /* SessionShareCard.swift */; };
		76A76DECC357DFBC845C880C /* WatchSyncState.swift in Sources */ = {isa = PBXBuildFile; fileRef = 488DC55B655AADC17C698B17 /* WatchSyncState.swift */; };
		76F9805CDA3E261CA146C7A5 /* AIWorkoutService.swift in Sources */ = {isa = PBXBuildFile; fileRef = A869CB4AC4EF2FD9CFD9D31C /* AIWorkoutService.swift */; };
		78847633826CBE7F80F82523 /* PlanShareCodec.swift in Sources */ = {isa = PBXBuildFile; fileRef = 18A4AE1F41CAA38374E02E4A /* PlanShareCodec.swift */; };
		7F99DAA5C4425C59687E0ED0 /* ShareImageButton.swift in Sources */ = {isa = PBXBuildFile; fileRef = BFAD46757159C0D547E762E2 /* ShareImageButton.swift */; };
		7FA131AFD2BFD47BA0383693 /* lottie-pulse.json in Resources */ = {isa = PBXBuildFile; fileRef = D805C0F10BBF8B4FC50C3569 /* lottie-pulse.json */; };
		824F7863E8635C58E60C147B /* PlanPlayerScreen.swift in Sources */ = {isa = PBXBuildFile; fileRef = 8B2A99CE9D2DD17926946D6B /* PlanPlayerScreen.swift */; };
		82EF7E005BD1C31B054E49B7 /* OnboardingScreen.swift in Sources */ = {isa = PBXBuildFile; fileRef = 4AA4A06581D27DA14D0FDE78 /* OnboardingScreen.swift */; };
		846A46991988FFB645618E51 /* MuscleStatusComputed.swift in Sources */ = {isa = PBXBuildFile; fileRef = DC6C8F3E62397B3CADF62790 /* MuscleStatusComputed.swift */; };
		863D6EFF12C5C90BDD733E57 /* MasoWidgets.appex in Embed Foundation Extensions */ = {isa = PBXBuildFile; fileRef = 77A945F8200B0EA1A6D6261B /* MasoWidgets.appex */; settings = {ATTRIBUTES = (RemoveHeadersOnCopy, ); }; };
		88B007435E601164A2241EDE /* LayoutToggle.swift in Sources */ = {isa = PBXBuildFile; fileRef = 5F761A3AFFC27FB54D554AC8 /* LayoutToggle.swift */; };
		8CA66B3BC7C970E107B47B00 /* Assets.xcassets in Resources */ = {isa = PBXBuildFile; fileRef = B7EB0429B08168404618F1BA /* Assets.xcassets */; };
		8D0F586EFC644CFDF69F18F8 /* exercises-new.json in Resources */ = {isa = PBXBuildFile; fileRef = AFFACBCE14220218C3F49853 /* exercises-new.json */; };
		917F8994567C132FC3EFF55B /* CoachSession.swift in Sources */ = {isa = PBXBuildFile; fileRef = FE73631309F4040E80314ED8 /* CoachSession.swift */; };
		919C25BB4DF2299218BEEE94 /* TimelineBar.swift in Sources */ = {isa = PBXBuildFile; fileRef = F96CC6B018F159D5FA8FE982 /* TimelineBar.swift */; };
		94726ECFE4CED09904E4FBA1 /* Exercise.swift in Sources */ = {isa = PBXBuildFile; fileRef = D77C73F79BDCE3D7C90EF2C7 /* Exercise.swift */; };
		94D4CE6164253560EE728358 /* Colors.swift in Sources */ = {isa = PBXBuildFile; fileRef = EA133CA664EEBFD23357FBF5 /* Colors.swift */; };
		95676F299C926544BE383ED7 /* RootView.swift in Sources */ = {isa = PBXBuildFile; fileRef = C987F88D32D400102494F9EC /* RootView.swift */; };
		9589422FFA8A7F9B610997B4 /* UnifiedShareCard.swift in Sources */ = {isa = PBXBuildFile; fileRef = 56E05CE78F6F538104992F20 /* UnifiedShareCard.swift */; };
		95E99052293069BEA6956C93 /* WorkoutCompleteShareCard.swift in Sources */ = {isa = PBXBuildFile; fileRef = 4643C30D54A587474C3ED458 /* WorkoutCompleteShareCard.swift */; };
		9695F854DFC02EC369558A96 /* RoutinesShareSheet.swift in Sources */ = {isa = PBXBuildFile; fileRef = FEE1FE1143673D15E8356C81 /* RoutinesShareSheet.swift */; };
		972195D3BEE4D2BC034B5299 /* ExerciseLibraryBrowser.swift in Sources */ = {isa = PBXBuildFile; fileRef = B83F25C9BAC855E570E52876 /* ExerciseLibraryBrowser.swift */; };
		97A61A2BDCBA7FEDB45DBABD /* Lottie in Frameworks */ = {isa = PBXBuildFile; productRef = 31990508FD012FF9FC4CE295 /* Lottie */; };
		97DC9B886CF3C5DF2369E746 /* 1b-triceps-supplement.json in Resources */ = {isa = PBXBuildFile; fileRef = F2980C2BED7FBFC98D717FE6 /* 1b-triceps-supplement.json */; };
		9859B4F11B0CC09D31368050 /* MuscleStatusShareCard.swift in Sources */ = {isa = PBXBuildFile; fileRef = FC61BDA12796DCF77FEDA908 /* MuscleStatusShareCard.swift */; };
		9A1530197A071FB84853F4ED /* _match-report.md in Resources */ = {isa = PBXBuildFile; fileRef = C4FC2485A0C7673172E17624 /* _match-report.md */; };
		9CCA9C0B50357A55CB879DBF /* RecommendedPrograms.swift in Sources */ = {isa = PBXBuildFile; fileRef = D9D16DE103E8C679BEDCC59E /* RecommendedPrograms.swift */; };
		9E098E9CEEAD3213B57FA6AE /* _merge-report.md in Resources */ = {isa = PBXBuildFile; fileRef = 61DD41DB699CD22EC64D9AE5 /* _merge-report.md */; };
		9F8AE1A6DE0870B670608C42 /* Settings.swift in Sources */ = {isa = PBXBuildFile; fileRef = 03E88525E276032B0BCAB227 /* Settings.swift */; };
		A1A4011C52823387ECB4E407 /* MasoWidgetsBundle.swift in Sources */ = {isa = PBXBuildFile; fileRef = 71828AB12DF85E9E6B7E3650 /* MasoWidgetsBundle.swift */; };
		A221C096C6DA84BD6CE71E16 /* 6-cardio-plyo-cali.json in Resources */ = {isa = PBXBuildFile; fileRef = 6872D679180A58238F9E1258 /* 6-cardio-plyo-cali.json */; };
		A53267F9AD76CA623FB487EB /* AnalyticsEvent.swift in Sources */ = {isa = PBXBuildFile; fileRef = 069859EC6FA8AF63CBF8821C /* AnalyticsEvent.swift */; };
		A773D60F819FB3E5A85683DB /* Localizable.strings in Resources */ = {isa = PBXBuildFile; fileRef = A578A5A0DF210CB2E7E2B4DD /* Localizable.strings */; };
		A8ADD0D5AB7BBA43162FA3C2 /* PrivacyInfo.xcprivacy in Resources */ = {isa = PBXBuildFile; fileRef = 51297D208F41269DA8453899 /* PrivacyInfo.xcprivacy */; };
		A9CEFA227C6E9AEFB349111A /* SubscriptionManager.swift in Sources */ = {isa = PBXBuildFile; fileRef = B87F8559328FE38597A76010 /* SubscriptionManager.swift */; };
		AA3BE2669263C2BE68EB4CDD /* 1-chest-triceps.json in Resources */ = {isa = PBXBuildFile; fileRef = F5E0B96BFDCCD185AB24895A /* 1-chest-triceps.json */; };
		ACB7B9B537CDB3B86452670C /* PlansScreen.swift in Sources */ = {isa = PBXBuildFile; fileRef = 15DEC30C6EAE1F3C697B06DB /* PlansScreen.swift */; };
		AD135E90B89CB6E7D688A073 /* 3-back-biceps-forearms.json in Resources */ = {isa = PBXBuildFile; fileRef = CED9025409401C575B180D72 /* 3-back-biceps-forearms.json */; };
		AE0067A57692F92627426C21 /* exercises-v1-yuhonas.json.bak in Resources */ = {isa = PBXBuildFile; fileRef = 0F0CC1A2FAA3DE68BF6CC1F0 /* exercises-v1-yuhonas.json.bak */; };
		B29DFD334141BC5684FD57A6 /* Haptics.swift in Sources */ = {isa = PBXBuildFile; fileRef = F72504052FBF96C8AFDFAA91 /* Haptics.swift */; };
		B695690D9B19F6DD4C248428 /* Localizable.strings in Resources */ = {isa = PBXBuildFile; fileRef = 65A12AE0FF2F890344E8D991 /* Localizable.strings */; };
		B6A155A1009B7AD3E0B8F93A /* ImportedPlanSheet.swift in Sources */ = {isa = PBXBuildFile; fileRef = 855B98EF31FFEB5E9C21DA4C /* ImportedPlanSheet.swift */; };
		B6A3B8B511C76752980A5157 /* TrainingActivityAttributes.swift in Sources */ = {isa = PBXBuildFile; fileRef = 4E94E7A863D7DD87C5C4EB7D /* TrainingActivityAttributes.swift */; };
		B9A9B0E1423D577E7729F574 /* ExerciseNames.strings in Resources */ = {isa = PBXBuildFile; fileRef = 442FF14A64291FEEEC144E6F /* ExerciseNames.strings */; };
		BB29ABF8E0E2590167AEA372 /* WorkoutCard.swift in Sources */ = {isa = PBXBuildFile; fileRef = F2A600A7E0E002CC5B8B3253 /* WorkoutCard.swift */; };
		BDF71F8A0D436A235F33A486 /* AnalyticsSink.swift in Sources */ = {isa = PBXBuildFile; fileRef = 91F6414BD5454144D171D2D3 /* AnalyticsSink.swift */; };
		BFE86B39FF7F61F784028E92 /* free-exercise-db.LICENSE.md in Resources */ = {isa = PBXBuildFile; fileRef = 66C38DF43C2C4CF7451159A7 /* free-exercise-db.LICENSE.md */; };
		C0D2F202AEE7F46CF8FBF69B /* FeedbackTransport.swift in Sources */ = {isa = PBXBuildFile; fileRef = AC00B9B59687C5502999A3DA /* FeedbackTransport.swift */; };
		C17EA63579305A76D115C431 /* Plan.swift in Sources */ = {isa = PBXBuildFile; fileRef = 6DC4E04539409F755E9C7B77 /* Plan.swift */; };
		C53D75F8EAA9D73AA902C910 /* TrainingSettingsSection.swift in Sources */ = {isa = PBXBuildFile; fileRef = 07C814AC57D00E7740B6A51B /* TrainingSettingsSection.swift */; };
		C5AF019E72EFE3F7EB910534 /* FeedbackSheet.swift in Sources */ = {isa = PBXBuildFile; fileRef = B56BF1DAA41EE256A9EDA30F /* FeedbackSheet.swift */; };
		C5CE4E5E20D80EBC46E0A117 /* ExerciseImageCache.swift in Sources */ = {isa = PBXBuildFile; fileRef = 041577FA74CB0C00E92E4233 /* ExerciseImageCache.swift */; };
		C5CF734E8DD3CCD6D7F11C95 /* ExerciseImage.swift in Sources */ = {isa = PBXBuildFile; fileRef = 402229E63028077115335B66 /* ExerciseImage.swift */; };
		CCFB22BB1AD7B2B70BB5F32F /* WatchBrandMark.swift in Sources */ = {isa = PBXBuildFile; fileRef = E6ACD1743B8BA8EFB05DFD53 /* WatchBrandMark.swift */; };
		CD19F224EAD90C25B4F94A7B /* _missing-image-new.md in Resources */ = {isa = PBXBuildFile; fileRef = B60786EDA8A1B901D6361BF3 /* _missing-image-new.md */; };
		CE995F4FE19088CC54F0C21C /* PersistenceController.swift in Sources */ = {isa = PBXBuildFile; fileRef = C228082523E5BD38F52B6B76 /* PersistenceController.swift */; };
		CF0DF500D090FE778C2DE542 /* WatchWorkoutManager.swift in Sources */ = {isa = PBXBuildFile; fileRef = CA721C2F4E32B7402AC2CAA6 /* WatchWorkoutManager.swift */; };
		CFACBB04C2B2F7715D76D273 /* MuscleSelector.swift in Sources */ = {isa = PBXBuildFile; fileRef = C85CFB727541762C8447F7E4 /* MuscleSelector.swift */; };
		D123FE5C1C40DBA244A94227 /* RoutineOptimizeCard.swift in Sources */ = {isa = PBXBuildFile; fileRef = A86DF0600F128A94067E0D44 /* RoutineOptimizeCard.swift */; };
		D1F18A807794D0FC0FD24137 /* ExerciseGrouping.swift in Sources */ = {isa = PBXBuildFile; fileRef = 34F46E6B89F953552C31D180 /* ExerciseGrouping.swift */; };
		D2A5A66A03EA5AFD75D478EB /* PhotoPicker.swift in Sources */ = {isa = PBXBuildFile; fileRef = 19E60279DA5B5FE740DC4A8D /* PhotoPicker.swift */; };
		D3C467BCD7239BC40C99C25E /* PaywallScreen.swift in Sources */ = {isa = PBXBuildFile; fileRef = 61B0293ADD8C41CCBB12FA12 /* PaywallScreen.swift */; };
		D6B477627894CA6C065148E0 /* InsightShareCard.swift in Sources */ = {isa = PBXBuildFile; fileRef = 750AFFA68B8A24177AF77A3E /* InsightShareCard.swift */; };
		D7DE905316F3FFBC4156F3CE /* exercises.json in Resources */ = {isa = PBXBuildFile; fileRef = DA0ACB9DAE29B94B2DAB494F /* exercises.json */; };
		DAA6215D14E413F8E24063CA /* _anatomy-research.md in Resources */ = {isa = PBXBuildFile; fileRef = CA786C2BA3CB3ED1D9264315 /* _anatomy-research.md */; };
		DC4569EC8E9B9B0EE49F5595 /* InsightCards.swift in Sources */ = {isa = PBXBuildFile; fileRef = 0BC543B079D9DDA682611412 /* InsightCards.swift */; };
		E3B3E0E89E5925038AE32669 /* CoachScreen.swift in Sources */ = {isa = PBXBuildFile; fileRef = 899FD6CB734CAE919EBB292D /* CoachScreen.swift */; };
		E40B7C038FA77F3BD95F0E5D /* MasoMarkIcon.swift in Sources */ = {isa = PBXBuildFile; fileRef = BC1D591C5E30FA068C933520 /* MasoMarkIcon.swift */; };
		E713BB3AD37D051B6B9D716A /* PlanSegments.swift in Sources */ = {isa = PBXBuildFile; fileRef = DE94CDA9C13C06FBE6DD8572 /* PlanSegments.swift */; };
		E78F1A3F512D37B2BFA4A286 /* BodyHint.swift in Sources */ = {isa = PBXBuildFile; fileRef = 54145EB316E1E581619F6C65 /* BodyHint.swift */; };
		E7BEFB80EC7A46518E7B59B9 /* InlineWorkoutCalendar.swift in Sources */ = {isa = PBXBuildFile; fileRef = ADC7BD7F1CA2B51B8BE76943 /* InlineWorkoutCalendar.swift */; };
		E7F227189AAF7F9E428F5297 /* MuscleGroup.swift in Sources */ = {isa = PBXBuildFile; fileRef = 652661E7A8B67B3B7F5E7241 /* MuscleGroup.swift */; };
		F05D16F0A53CAF7281490F9F /* CardChrome.swift in Sources */ = {isa = PBXBuildFile; fileRef = AB9DEC8FE0A1B5B1E9ADC8EE /* CardChrome.swift */; };
		F36F4DB192FD35D5CF1E3EE6 /* PrivacyInfo.xcprivacy in Resources */ = {isa = PBXBuildFile; fileRef = EFADF03C8B68C694F394F493 /* PrivacyInfo.xcprivacy */; };
		F539563C25B1A76F848BE0BC /* LiveActivityManager.swift in Sources */ = {isa = PBXBuildFile; fileRef = 31363EC52103D24538FBFF39 /* LiveActivityManager.swift */; };
		F712495D92EF9A778FC3AA30 /* Assets.xcassets in Resources */ = {isa = PBXBuildFile; fileRef = CDA3B6F67C353E227D0E2E8C /* Assets.xcassets */; };
		FA06AA1CBA552166EE24989A /* 2-shoulders.json in Resources */ = {isa = PBXBuildFile; fileRef = BB71A18FE20FD0FE95951416 /* 2-shoulders.json */; };
		FF90D3253FAF4F45542D0ED5 /* SplashScreen.swift in Sources */ = {isa = PBXBuildFile; fileRef = 7DD9BAA3FD1E35EC871F4DEC /* SplashScreen.swift */; };
/* End PBXBuildFile section */

/* Begin PBXContainerItemProxy section */
		3B039DC788233C4D75072D89 /* PBXContainerItemProxy */ = {
			isa = PBXContainerItemProxy;
			containerPortal = 42D8EA3365C5EB4B4D4E3DEC /* Project object */;
			proxyType = 1;
			remoteGlobalIDString = E7AD83B4EB28D42D152914A5;
			remoteInfo = MasoWidgets;
		};
		499195927FE3C057D2A6509A /* PBXContainerItemProxy */ = {
			isa = PBXContainerItemProxy;
			containerPortal = 42D8EA3365C5EB4B4D4E3DEC /* Project object */;
			proxyType = 1;
			remoteGlobalIDString = 086C76C864579C1ABB3626DF;
			remoteInfo = MasoWatch;
		};
/* End PBXContainerItemProxy section */

/* Begin PBXCopyFilesBuildPhase section */
		00BE3E8151BEC7C8DDB97648 /* Embed Foundation Extensions */ = {
			isa = PBXCopyFilesBuildPhase;
			buildActionMask = 2147483647;
			dstPath = "";
			dstSubfolderSpec = 13;
			files = (
				863D6EFF12C5C90BDD733E57 /* MasoWidgets.appex in Embed Foundation Extensions */,
			);
			name = "Embed Foundation Extensions";
			runOnlyForDeploymentPostprocessing = 0;
		};
		C77FCD70CD16CFC496E13125 /* Embed Watch Content */ = {
			isa = PBXCopyFilesBuildPhase;
			buildActionMask = 2147483647;
			dstPath = "$(CONTENTS_FOLDER_PATH)/Watch";
			dstSubfolderSpec = 16;
			files = (
				3185682ED3B418530F91D1A7 /* MasoWatch.app in Embed Watch Content */,
			);
			name = "Embed Watch Content";
			runOnlyForDeploymentPostprocessing = 0;
		};
/* End PBXCopyFilesBuildPhase section */

/* Begin PBXFileReference section */
		004E051B960215DECB2DA0D6 /* zh-Hans */ = {isa = PBXFileReference; lastKnownFileType = text.plist.strings; name = "zh-Hans"; path = "zh-Hans.lproj/Localizable.strings"; sourceTree = "<group>"; };
		0070D8A3C7E1513A852DFDDA /* CrossFadeFrames.swift */ = {isa = PBXFileReference; lastKnownFileType = sourcecode.swift; path = CrossFadeFrames.swift; sourceTree = "<group>"; };
		0248671AE93BF975A90389AD /* LottieView.swift */ = {isa = PBXFileReference; lastKnownFileType = sourcecode.swift; path = LottieView.swift; sourceTree = "<group>"; };
		03E88525E276032B0BCAB227 /* Settings.swift */ = {isa = PBXFileReference; lastKnownFileType = sourcecode.swift; path = Settings.swift; sourceTree = "<group>"; };
		041577FA74CB0C00E92E4233 /* ExerciseImageCache.swift */ = {isa = PBXFileReference; lastKnownFileType = sourcecode.swift; path = ExerciseImageCache.swift; sourceTree = "<group>"; };
		0685655F9D540D1B4497977C /* _canonical-examples.json */ = {isa = PBXFileReference; lastKnownFileType = text.json; path = "_canonical-examples.json"; sourceTree = "<group>"; };
		069859EC6FA8AF63CBF8821C /* AnalyticsEvent.swift */ = {isa = PBXFileReference; lastKnownFileType = sourcecode.swift; path = AnalyticsEvent.swift; sourceTree = "<group>"; };
		07C814AC57D00E7740B6A51B /* TrainingSettingsSection.swift */ = {isa = PBXFileReference; lastKnownFileType = sourcecode.swift; path = TrainingSettingsSection.swift; sourceTree = "<group>"; };
		085676B9F3AA69450E839FC5 /* en */ = {isa = PBXFileReference; lastKnownFileType = text.plist.strings; name = en; path = en.lproj/InfoPlist.strings; sourceTree = "<group>"; };
		0B9791F0998275E09C5575AD /* LanguageManager.swift */ = {isa = PBXFileReference; lastKnownFileType = sourcecode.swift; path = LanguageManager.swift; sourceTree = "<group>"; };
		0BC543B079D9DDA682611412 /* InsightCards.swift */ = {isa = PBXFileReference; lastKnownFileType = sourcecode.swift; path = InsightCards.swift; sourceTree = "<group>"; };
		0C2072C444E5B90F0EC1A07C /* NumStepperField.swift */ = {isa = PBXFileReference; lastKnownFileType = sourcecode.swift; path = NumStepperField.swift; sourceTree = "<group>"; };
		0F0CC1A2FAA3DE68BF6CC1F0 /* exercises-v1-yuhonas.json.bak */ = {isa = PBXFileReference; path = "exercises-v1-yuhonas.json.bak"; sourceTree = "<group>"; };
		1545AEA651F97CD56E65D4E5 /* MuscleMapping.swift */ = {isa = PBXFileReference; lastKnownFileType = sourcecode.swift; path = MuscleMapping.swift; sourceTree = "<group>"; };
		15DEC30C6EAE1F3C697B06DB /* PlansScreen.swift */ = {isa = PBXFileReference; lastKnownFileType = sourcecode.swift; path = PlansScreen.swift; sourceTree = "<group>"; };
		18A4AE1F41CAA38374E02E4A /* PlanShareCodec.swift */ = {isa = PBXFileReference; lastKnownFileType = sourcecode.swift; path = PlanShareCodec.swift; sourceTree = "<group>"; };
		19E60279DA5B5FE740DC4A8D /* PhotoPicker.swift */ = {isa = PBXFileReference; lastKnownFileType = sourcecode.swift; path = PhotoPicker.swift; sourceTree = "<group>"; };
		1A36C4336039446730B6DF52 /* SwipeableRow.swift */ = {isa = PBXFileReference; lastKnownFileType = sourcecode.swift; path = SwipeableRow.swift; sourceTree = "<group>"; };
		1C9BB0841A68AEC18B9A2EA2 /* zh-Hans */ = {isa = PBXFileReference; lastKnownFileType = text.plist.strings; name = "zh-Hans"; path = "zh-Hans.lproj/Localizable.strings"; sourceTree = "<group>"; };
		291EB7D06E7999D43C70577F /* SessionPersistence.swift */ = {isa = PBXFileReference; lastKnownFileType = sourcecode.swift; path = SessionPersistence.swift; sourceTree = "<group>"; };
		31363EC52103D24538FBFF39 /* LiveActivityManager.swift */ = {isa = PBXFileReference; lastKnownFileType = sourcecode.swift; path = LiveActivityManager.swift; sourceTree = "<group>"; };
		32577D31F28D36498F96BE6B /* ExerciseLibrary.swift */ = {isa = PBXFileReference; lastKnownFileType = sourcecode.swift; path = ExerciseLibrary.swift; sourceTree = "<group>"; };
		34F46E6B89F953552C31D180 /* ExerciseGrouping.swift */ = {isa = PBXFileReference; lastKnownFileType = sourcecode.swift; path = ExerciseGrouping.swift; sourceTree = "<group>"; };
		354F3329C6D8C991F0297879 /* FeedbackStore.swift */ = {isa = PBXFileReference; lastKnownFileType = sourcecode.swift; path = FeedbackStore.swift; sourceTree = "<group>"; };
		35C81E839F1BA51AF2F89F2D /* WorkoutReminderScheduler.swift */ = {isa = PBXFileReference; lastKnownFileType = sourcecode.swift; path = WorkoutReminderScheduler.swift; sourceTree = "<group>"; };
		3745A13C1D2084D9DE846A9B /* AnalyticsInspectorScreen.swift */ = {isa = PBXFileReference; lastKnownFileType = sourcecode.swift; path = AnalyticsInspectorScreen.swift; sourceTree = "<group>"; };
		3901E5D4EB6430B5A6682418 /* SpeechManager.swift */ = {isa = PBXFileReference; lastKnownFileType = sourcecode.swift; path = SpeechManager.swift; sourceTree = "<group>"; };
		39B0ED7125E3D12AB47C8D52 /* WatchSyncManager.swift */ = {isa = PBXFileReference; lastKnownFileType = sourcecode.swift; path = WatchSyncManager.swift; sourceTree = "<group>"; };
		3B81F5BBF4E68644835BBCE7 /* 4-legs.json */ = {isa = PBXFileReference; lastKnownFileType = text.json; path = "4-legs.json"; sourceTree = "<group>"; };
		3BA11D44EFA06E33B21AB62E /* zh-Hans */ = {isa = PBXFileReference; lastKnownFileType = text.plist.strings; name = "zh-Hans"; path = "zh-Hans.lproj/InfoPlist.strings"; sourceTree = "<group>"; };
		3BFB5D5CE95E571387E9D1C0 /* MuscleVisualBlock.swift */ = {isa = PBXFileReference; lastKnownFileType = sourcecode.swift; path = MuscleVisualBlock.swift; sourceTree = "<group>"; };
		402229E63028077115335B66 /* ExerciseImage.swift */ = {isa = PBXFileReference; lastKnownFileType = sourcecode.swift; path = ExerciseImage.swift; sourceTree = "<group>"; };
		4161A34A2AE629582280FF70 /* LanguagePickerSheet.swift */ = {isa = PBXFileReference; lastKnownFileType = sourcecode.swift; path = LanguagePickerSheet.swift; sourceTree = "<group>"; };
		41C0AC08779818D878F224D9 /* MasoWatch.app */ = {isa = PBXFileReference; explicitFileType = wrapper.application; includeInIndex = 0; path = MasoWatch.app; sourceTree = BUILT_PRODUCTS_DIR; };
		42B82AED23B3DDCA887C1263 /* 5-core-stretching.json */ = {isa = PBXFileReference; lastKnownFileType = text.json; path = "5-core-stretching.json"; sourceTree = "<group>"; };
		442FF14A64291FEEEC144E6F /* ExerciseNames.strings */ = {isa = PBXFileReference; lastKnownFileType = text.plist.strings; name = ExerciseNames.strings; path = "zh-Hans.lproj/ExerciseNames.strings"; sourceTree = "<group>"; };
		4643C30D54A587474C3ED458 /* WorkoutCompleteShareCard.swift */ = {isa = PBXFileReference; lastKnownFileType = sourcecode.swift; path = WorkoutCompleteShareCard.swift; sourceTree = "<group>"; };
		46F5A1F003F42B241567962B /* en */ = {isa = PBXFileReference; lastKnownFileType = text.plist.strings; name = en; path = en.lproj/InfoPlist.strings; sourceTree = "<group>"; };
		488DC55B655AADC17C698B17 /* WatchSyncState.swift */ = {isa = PBXFileReference; lastKnownFileType = sourcecode.swift; path = WatchSyncState.swift; sourceTree = "<group>"; };
		4A2FC82B09BFE985CB928FDB /* TodayScreen.swift */ = {isa = PBXFileReference; lastKnownFileType = sourcecode.swift; path = TodayScreen.swift; sourceTree = "<group>"; };
		4AA4A06581D27DA14D0FDE78 /* OnboardingScreen.swift */ = {isa = PBXFileReference; lastKnownFileType = sourcecode.swift; path = OnboardingScreen.swift; sourceTree = "<group>"; };
		4C0ABD6ABBC04D5462687B22 /* AddExerciseSheets.swift */ = {isa = PBXFileReference; lastKnownFileType = sourcecode.swift; path = AddExerciseSheets.swift; sourceTree = "<group>"; };
		4DACD2EC09799CF0ACC9176F /* ExerciseTagsRow.swift */ = {isa = PBXFileReference; lastKnownFileType = sourcecode.swift; path = ExerciseTagsRow.swift; sourceTree = "<group>"; };
		4E46EC3F68E92686D08B88D5 /* MuscleSynergy.swift */ = {isa = PBXFileReference; lastKnownFileType = sourcecode.swift; path = MuscleSynergy.swift; sourceTree = "<group>"; };
		4E94E7A863D7DD87C5C4EB7D /* TrainingActivityAttributes.swift */ = {isa = PBXFileReference; lastKnownFileType = sourcecode.swift; path = TrainingActivityAttributes.swift; sourceTree = "<group>"; };
		4F719EC148B5D7C878DB3DB5 /* Analytics.swift */ = {isa = PBXFileReference; lastKnownFileType = sourcecode.swift; path = Analytics.swift; sourceTree = "<group>"; };
		4FAF7A7E839EEE640A8B4CC9 /* SessionShareCard.swift */ = {isa = PBXFileReference; lastKnownFileType = sourcecode.swift; path = SessionShareCard.swift; sourceTree = "<group>"; };
		50A10E5E18C4925F0ACEC2C6 /* ProBanner.swift */ = {isa = PBXFileReference; lastKnownFileType = sourcecode.swift; path = ProBanner.swift; sourceTree = "<group>"; };
		51297D208F41269DA8453899 /* PrivacyInfo.xcprivacy */ = {isa = PBXFileReference; path = PrivacyInfo.xcprivacy; sourceTree = "<group>"; };
		5173DA5EB7D3AF0ADF40A6CE /* zh-Hans */ = {isa = PBXFileReference; lastKnownFileType = text.plist.strings; name = "zh-Hans"; path = "zh-Hans.lproj/InfoPlist.strings"; sourceTree = "<group>"; };
		54145EB316E1E581619F6C65 /* BodyHint.swift */ = {isa = PBXFileReference; lastKnownFileType = sourcecode.swift; path = BodyHint.swift; sourceTree = "<group>"; };
		56E05CE78F6F538104992F20 /* UnifiedShareCard.swift */ = {isa = PBXFileReference; lastKnownFileType = sourcecode.swift; path = UnifiedShareCard.swift; sourceTree = "<group>"; };
		59EC9219101B66F7B497AB18 /* ShareCardFooter.swift */ = {isa = PBXFileReference; lastKnownFileType = sourcecode.swift; path = ShareCardFooter.swift; sourceTree = "<group>"; };
		5AE16FB98CDFE5B432B63488 /* WeeklyFrequencyShareCard.swift */ = {isa = PBXFileReference; lastKnownFileType = sourcecode.swift; path = WeeklyFrequencyShareCard.swift; sourceTree = "<group>"; };
		5B068DFBBE373F9C69D094F3 /* RestNotificationScheduler.swift */ = {isa = PBXFileReference; lastKnownFileType = sourcecode.swift; path = RestNotificationScheduler.swift; sourceTree = "<group>"; };
		5C92872E5E637979EE00974B /* WorkoutDetailShareCard.swift */ = {isa = PBXFileReference; lastKnownFileType = sourcecode.swift; path = WorkoutDetailShareCard.swift; sourceTree = "<group>"; };
		5F761A3AFFC27FB54D554AC8 /* LayoutToggle.swift */ = {isa = PBXFileReference; lastKnownFileType = sourcecode.swift; path = LayoutToggle.swift; sourceTree = "<group>"; };
		604E1A67DFCA8AEA8D2EB767 /* HistoryScreen.swift */ = {isa = PBXFileReference; lastKnownFileType = sourcecode.swift; path = HistoryScreen.swift; sourceTree = "<group>"; };
		61B0293ADD8C41CCBB12FA12 /* PaywallScreen.swift */ = {isa = PBXFileReference; lastKnownFileType = sourcecode.swift; path = PaywallScreen.swift; sourceTree = "<group>"; };
		61DD41DB699CD22EC64D9AE5 /* _merge-report.md */ = {isa = PBXFileReference; lastKnownFileType = net.daringfireball.markdown; path = "_merge-report.md"; sourceTree = "<group>"; };
		62E064A64B1EC7A66DB6C306 /* TrainingMiniBar.swift */ = {isa = PBXFileReference; lastKnownFileType = sourcecode.swift; path = TrainingMiniBar.swift; sourceTree = "<group>"; };
		652661E7A8B67B3B7F5E7241 /* MuscleGroup.swift */ = {isa = PBXFileReference; lastKnownFileType = sourcecode.swift; path = MuscleGroup.swift; sourceTree = "<group>"; };
		653DD0BED86D314FCD0EA9CF /* Secrets.xcconfig */ = {isa = PBXFileReference; lastKnownFileType = text.xcconfig; path = Secrets.xcconfig; sourceTree = "<group>"; };
		66148E10896DB30778E6C89D /* _progress.md */ = {isa = PBXFileReference; lastKnownFileType = net.daringfireball.markdown; path = _progress.md; sourceTree = "<group>"; };
		66C38DF43C2C4CF7451159A7 /* free-exercise-db.LICENSE.md */ = {isa = PBXFileReference; lastKnownFileType = net.daringfireball.markdown; path = "free-exercise-db.LICENSE.md"; sourceTree = "<group>"; };
		6872D679180A58238F9E1258 /* 6-cardio-plyo-cali.json */ = {isa = PBXFileReference; lastKnownFileType = text.json; path = "6-cardio-plyo-cali.json"; sourceTree = "<group>"; };
		6DC4E04539409F755E9C7B77 /* Plan.swift */ = {isa = PBXFileReference; lastKnownFileType = sourcecode.swift; path = Plan.swift; sourceTree = "<group>"; };
		71828AB12DF85E9E6B7E3650 /* MasoWidgetsBundle.swift */ = {isa = PBXFileReference; lastKnownFileType = sourcecode.swift; path = MasoWidgetsBundle.swift; sourceTree = "<group>"; };
		749D14202F2DADE9E946D07D /* AppRouter.swift */ = {isa = PBXFileReference; lastKnownFileType = sourcecode.swift; path = AppRouter.swift; sourceTree = "<group>"; };
		750AFFA68B8A24177AF77A3E /* InsightShareCard.swift */ = {isa = PBXFileReference; lastKnownFileType = sourcecode.swift; path = InsightShareCard.swift; sourceTree = "<group>"; };
		7546A6BF24D431EDFC2405E6 /* AnimeBodyView.swift */ = {isa = PBXFileReference; lastKnownFileType = sourcecode.swift; path = AnimeBodyView.swift; sourceTree = "<group>"; };
		77A945F8200B0EA1A6D6261B /* MasoWidgets.appex */ = {isa = PBXFileReference; includeInIndex = 0; lastKnownFileType = "wrapper.app-extension"; path = MasoWidgets.appex; sourceTree = BUILT_PRODUCTS_DIR; };
		78E9AE6303C3221E696A4367 /* _orphan-old-exercises.md */ = {isa = PBXFileReference; lastKnownFileType = net.daringfireball.markdown; path = "_orphan-old-exercises.md"; sourceTree = "<group>"; };
		7D7F0F064D3300FEAAE9ABE8 /* TrainingSession.swift */ = {isa = PBXFileReference; lastKnownFileType = sourcecode.swift; path = TrainingSession.swift; sourceTree = "<group>"; };
		7DD9BAA3FD1E35EC871F4DEC /* SplashScreen.swift */ = {isa = PBXFileReference; lastKnownFileType = sourcecode.swift; path = SplashScreen.swift; sourceTree = "<group>"; };
		806284849E050B355DF8A75D /* zh-Hans */ = {isa = PBXFileReference; lastKnownFileType = text.plist.strings; name = "zh-Hans"; path = "zh-Hans.lproj/Localizable.strings"; sourceTree = "<group>"; };
		80FD6F69FE62071220B54EDF /* MasoBrandLogo.swift */ = {isa = PBXFileReference; lastKnownFileType = sourcecode.swift; path = MasoBrandLogo.swift; sourceTree = "<group>"; };
		8483DD8A4BDD8AB4DACB82D4 /* en */ = {isa = PBXFileReference; lastKnownFileType = text.plist.strings; name = en; path = en.lproj/Localizable.strings; sourceTree = "<group>"; };
		855B98EF31FFEB5E9C21DA4C /* ImportedPlanSheet.swift */ = {isa = PBXFileReference; lastKnownFileType = sourcecode.swift; path = ImportedPlanSheet.swift; sourceTree = "<group>"; };
		88890E68F3513CC6BC233F84 /* AISummaryCard.swift */ = {isa = PBXFileReference; lastKnownFileType = sourcecode.swift; path = AISummaryCard.swift; sourceTree = "<group>"; };
		88FD8C8AE888DB6357031DB6 /* MasoApp.swift */ = {isa = PBXFileReference; lastKnownFileType = sourcecode.swift; path = MasoApp.swift; sourceTree = "<group>"; };
		899FD6CB734CAE919EBB292D /* CoachScreen.swift */ = {isa = PBXFileReference; lastKnownFileType = sourcecode.swift; path = CoachScreen.swift; sourceTree = "<group>"; };
		8B2A99CE9D2DD17926946D6B /* PlanPlayerScreen.swift */ = {isa = PBXFileReference; lastKnownFileType = sourcecode.swift; path = PlanPlayerScreen.swift; sourceTree = "<group>"; };
		8BDFF5A1E76EC5EEC94DEE3E /* Info.plist */ = {isa = PBXFileReference; lastKnownFileType = text.plist; path = Info.plist; sourceTree = "<group>"; };
		8C75A0DE1EC23A7DCDE065D6 /* WatchViews.swift */ = {isa = PBXFileReference; lastKnownFileType = sourcecode.swift; path = WatchViews.swift; sourceTree = "<group>"; };
		91F6414BD5454144D171D2D3 /* AnalyticsSink.swift */ = {isa = PBXFileReference; lastKnownFileType = sourcecode.swift; path = AnalyticsSink.swift; sourceTree = "<group>"; };
		9650F52BD29FC327FE503B9B /* CommunityScreen.swift */ = {isa = PBXFileReference; lastKnownFileType = sourcecode.swift; path = CommunityScreen.swift; sourceTree = "<group>"; };
		A015C1CBD0ADEA27FDC680FC /* AISummary.swift */ = {isa = PBXFileReference; lastKnownFileType = sourcecode.swift; path = AISummary.swift; sourceTree = "<group>"; };
		A312E7F5CEA8FACE3E0183FA /* _review-queue-decisions.json */ = {isa = PBXFileReference; lastKnownFileType = text.json; path = "_review-queue-decisions.json"; sourceTree = "<group>"; };
		A63705CC4062E59B9B7201A9 /* MasoWatch.entitlements */ = {isa = PBXFileReference; lastKnownFileType = text.plist.entitlements; path = MasoWatch.entitlements; sourceTree = "<group>"; };
		A869CB4AC4EF2FD9CFD9D31C /* AIWorkoutService.swift */ = {isa = PBXFileReference; lastKnownFileType = sourcecode.swift; path = AIWorkoutService.swift; sourceTree = "<group>"; };
		A86DF0600F128A94067E0D44 /* RoutineOptimizeCard.swift */ = {isa = PBXFileReference; lastKnownFileType = sourcecode.swift; path = RoutineOptimizeCard.swift; sourceTree = "<group>"; };
		AB9DEC8FE0A1B5B1E9ADC8EE /* CardChrome.swift */ = {isa = PBXFileReference; lastKnownFileType = sourcecode.swift; path = CardChrome.swift; sourceTree = "<group>"; };
		AC00B9B59687C5502999A3DA /* FeedbackTransport.swift */ = {isa = PBXFileReference; lastKnownFileType = sourcecode.swift; path = FeedbackTransport.swift; sourceTree = "<group>"; };
		ADC7BD7F1CA2B51B8BE76943 /* InlineWorkoutCalendar.swift */ = {isa = PBXFileReference; lastKnownFileType = sourcecode.swift; path = InlineWorkoutCalendar.swift; sourceTree = "<group>"; };
		AFFACBCE14220218C3F49853 /* exercises-new.json */ = {isa = PBXFileReference; lastKnownFileType = text.json; path = "exercises-new.json"; sourceTree = "<group>"; };
		B56BF1DAA41EE256A9EDA30F /* FeedbackSheet.swift */ = {isa = PBXFileReference; lastKnownFileType = sourcecode.swift; path = FeedbackSheet.swift; sourceTree = "<group>"; };
		B60786EDA8A1B901D6361BF3 /* _missing-image-new.md */ = {isa = PBXFileReference; lastKnownFileType = net.daringfireball.markdown; path = "_missing-image-new.md"; sourceTree = "<group>"; };
		B7EB0429B08168404618F1BA /* Assets.xcassets */ = {isa = PBXFileReference; lastKnownFileType = folder.assetcatalog; path = Assets.xcassets; sourceTree = "<group>"; };
		B83F25C9BAC855E570E52876 /* ExerciseLibraryBrowser.swift */ = {isa = PBXFileReference; lastKnownFileType = sourcecode.swift; path = ExerciseLibraryBrowser.swift; sourceTree = "<group>"; };
		B87F8559328FE38597A76010 /* SubscriptionManager.swift */ = {isa = PBXFileReference; lastKnownFileType = sourcecode.swift; path = SubscriptionManager.swift; sourceTree = "<group>"; };
		B91FB80311BBA14D7AAC8FBF /* SoundPlayer.swift */ = {isa = PBXFileReference; lastKnownFileType = sourcecode.swift; path = SoundPlayer.swift; sourceTree = "<group>"; };
		BB254159F807BC6F943ED96C /* Info.plist */ = {isa = PBXFileReference; lastKnownFileType = text.plist; path = Info.plist; sourceTree = "<group>"; };
		BB71A18FE20FD0FE95951416 /* 2-shoulders.json */ = {isa = PBXFileReference; lastKnownFileType = text.json; path = "2-shoulders.json"; sourceTree = "<group>"; };
		BC1D591C5E30FA068C933520 /* MasoMarkIcon.swift */ = {isa = PBXFileReference; lastKnownFileType = sourcecode.swift; path = MasoMarkIcon.swift; sourceTree = "<group>"; };
		BF854A389D2582A6CF015F7D /* WatchBridge.swift */ = {isa = PBXFileReference; lastKnownFileType = sourcecode.swift; path = WatchBridge.swift; sourceTree = "<group>"; };
		BFAD46757159C0D547E762E2 /* ShareImageButton.swift */ = {isa = PBXFileReference; lastKnownFileType = sourcecode.swift; path = ShareImageButton.swift; sourceTree = "<group>"; };
		C228082523E5BD38F52B6B76 /* PersistenceController.swift */ = {isa = PBXFileReference; lastKnownFileType = sourcecode.swift; path = PersistenceController.swift; sourceTree = "<group>"; };
		C23B6D56681E2D7861F4E5E2 /* ShareImageRenderer.swift */ = {isa = PBXFileReference; lastKnownFileType = sourcecode.swift; path = ShareImageRenderer.swift; sourceTree = "<group>"; };
		C4FC2485A0C7673172E17624 /* _match-report.md */ = {isa = PBXFileReference; lastKnownFileType = net.daringfireball.markdown; path = "_match-report.md"; sourceTree = "<group>"; };
		C5831930AC3A940150DBB302 /* Info.plist */ = {isa = PBXFileReference; lastKnownFileType = text.plist; path = Info.plist; sourceTree = "<group>"; };
		C85CFB727541762C8447F7E4 /* MuscleSelector.swift */ = {isa = PBXFileReference; lastKnownFileType = sourcecode.swift; path = MuscleSelector.swift; sourceTree = "<group>"; };
		C987F88D32D400102494F9EC /* RootView.swift */ = {isa = PBXFileReference; lastKnownFileType = sourcecode.swift; path = RootView.swift; sourceTree = "<group>"; };
		C9CFBD927255937085E3C209 /* HealthKitService.swift */ = {isa = PBXFileReference; lastKnownFileType = sourcecode.swift; path = HealthKitService.swift; sourceTree = "<group>"; };
		CA721C2F4E32B7402AC2CAA6 /* WatchWorkoutManager.swift */ = {isa = PBXFileReference; lastKnownFileType = sourcecode.swift; path = WatchWorkoutManager.swift; sourceTree = "<group>"; };
		CA786C2BA3CB3ED1D9264315 /* _anatomy-research.md */ = {isa = PBXFileReference; lastKnownFileType = net.daringfireball.markdown; path = "_anatomy-research.md"; sourceTree = "<group>"; };
		CC12963E5718515334FAF5A8 /* QuickWorkoutScreen.swift */ = {isa = PBXFileReference; lastKnownFileType = sourcecode.swift; path = QuickWorkoutScreen.swift; sourceTree = "<group>"; };
		CDA3B6F67C353E227D0E2E8C /* Assets.xcassets */ = {isa = PBXFileReference; lastKnownFileType = folder.assetcatalog; path = Assets.xcassets; sourceTree = "<group>"; };
		CED9025409401C575B180D72 /* 3-back-biceps-forearms.json */ = {isa = PBXFileReference; lastKnownFileType = text.json; path = "3-back-biceps-forearms.json"; sourceTree = "<group>"; };
		CEEE409128074A2BE3999170 /* Anatomy.swift */ = {isa = PBXFileReference; lastKnownFileType = sourcecode.swift; path = Anatomy.swift; sourceTree = "<group>"; };
		CFD21DF2E0041A5BFFACB388 /* MuscleStatusOverviewCard.swift */ = {isa = PBXFileReference; lastKnownFileType = sourcecode.swift; path = MuscleStatusOverviewCard.swift; sourceTree = "<group>"; };
		D4C5F3E72ADD7E2C06CE3FED /* exercises-matched.json */ = {isa = PBXFileReference; lastKnownFileType = text.json; path = "exercises-matched.json"; sourceTree = "<group>"; };
		D77C73F79BDCE3D7C90EF2C7 /* Exercise.swift */ = {isa = PBXFileReference; lastKnownFileType = sourcecode.swift; path = Exercise.swift; sourceTree = "<group>"; };
		D805C0F10BBF8B4FC50C3569 /* lottie-pulse.json */ = {isa = PBXFileReference; lastKnownFileType = text.json; path = "lottie-pulse.json"; sourceTree = "<group>"; };
		D9D16DE103E8C679BEDCC59E /* RecommendedPrograms.swift */ = {isa = PBXFileReference; lastKnownFileType = sourcecode.swift; path = RecommendedPrograms.swift; sourceTree = "<group>"; };
		DA0ACB9DAE29B94B2DAB494F /* exercises.json */ = {isa = PBXFileReference; lastKnownFileType = text.json; path = exercises.json; sourceTree = "<group>"; };
		DC6C8F3E62397B3CADF62790 /* MuscleStatusComputed.swift */ = {isa = PBXFileReference; lastKnownFileType = sourcecode.swift; path = MuscleStatusComputed.swift; sourceTree = "<group>"; };
		DE94CDA9C13C06FBE6DD8572 /* PlanSegments.swift */ = {isa = PBXFileReference; lastKnownFileType = sourcecode.swift; path = PlanSegments.swift; sourceTree = "<group>"; };
		DFBD3B16C9810A2419F041FA /* LimitedFlowLayout.swift */ = {isa = PBXFileReference; lastKnownFileType = sourcecode.swift; path = LimitedFlowLayout.swift; sourceTree = "<group>"; };
		E097C6FBEC7E44DBC847FEF6 /* en */ = {isa = PBXFileReference; lastKnownFileType = text.plist.strings; name = en; path = en.lproj/Localizable.strings; sourceTree = "<group>"; };
		E392D3BCA567E27D36082C9C /* FilterMenuButton.swift */ = {isa = PBXFileReference; lastKnownFileType = sourcecode.swift; path = FilterMenuButton.swift; sourceTree = "<group>"; };
		E4CD0A6C911CC31064AFC8D4 /* CommunityPlans.swift */ = {isa = PBXFileReference; lastKnownFileType = sourcecode.swift; path = CommunityPlans.swift; sourceTree = "<group>"; };
		E6ACD1743B8BA8EFB05DFD53 /* WatchBrandMark.swift */ = {isa = PBXFileReference; lastKnownFileType = sourcecode.swift; path = WatchBrandMark.swift; sourceTree = "<group>"; };
		E6BB99772BABDEBDE4A63981 /* Maso.app */ = {isa = PBXFileReference; includeInIndex = 0; lastKnownFileType = wrapper.application; path = Maso.app; sourceTree = BUILT_PRODUCTS_DIR; };
		E971064231D3F55030DBE2F5 /* WorkoutCalendarScreen.swift */ = {isa = PBXFileReference; lastKnownFileType = sourcecode.swift; path = WorkoutCalendarScreen.swift; sourceTree = "<group>"; };
		EA133CA664EEBFD23357FBF5 /* Colors.swift */ = {isa = PBXFileReference; lastKnownFileType = sourcecode.swift; path = Colors.swift; sourceTree = "<group>"; };
		ED5F46664DB595CE345ED1F9 /* MasoWatchApp.swift */ = {isa = PBXFileReference; lastKnownFileType = sourcecode.swift; path = MasoWatchApp.swift; sourceTree = "<group>"; };
		EF44FB435946D62FFB510C3B /* InsightsChartsView.swift */ = {isa = PBXFileReference; lastKnownFileType = sourcecode.swift; path = InsightsChartsView.swift; sourceTree = "<group>"; };
		EFADF03C8B68C694F394F493 /* PrivacyInfo.xcprivacy */ = {isa = PBXFileReference; path = PrivacyInfo.xcprivacy; sourceTree = "<group>"; };
		F23A1B6576340183A91DC77A /* MasoTrainingLiveActivity.swift */ = {isa = PBXFileReference; lastKnownFileType = sourcecode.swift; path = MasoTrainingLiveActivity.swift; sourceTree = "<group>"; };
		F2980C2BED7FBFC98D717FE6 /* 1b-triceps-supplement.json */ = {isa = PBXFileReference; lastKnownFileType = text.json; path = "1b-triceps-supplement.json"; sourceTree = "<group>"; };
		F2A600A7E0E002CC5B8B3253 /* WorkoutCard.swift */ = {isa = PBXFileReference; lastKnownFileType = sourcecode.swift; path = WorkoutCard.swift; sourceTree = "<group>"; };
		F2C7B1AA85268521E018CA24 /* Formatters.swift */ = {isa = PBXFileReference; lastKnownFileType = sourcecode.swift; path = Formatters.swift; sourceTree = "<group>"; };
		F5E0B96BFDCCD185AB24895A /* 1-chest-triceps.json */ = {isa = PBXFileReference; lastKnownFileType = text.json; path = "1-chest-triceps.json"; sourceTree = "<group>"; };
		F64DFBAF4A91D0EE022A4F5E /* Maso.entitlements */ = {isa = PBXFileReference; lastKnownFileType = text.plist.entitlements; path = Maso.entitlements; sourceTree = "<group>"; };
		F72504052FBF96C8AFDFAA91 /* Haptics.swift */ = {isa = PBXFileReference; lastKnownFileType = sourcecode.swift; path = Haptics.swift; sourceTree = "<group>"; };
		F8D7C1393538F9AEC41B4A7F /* PlateCalculatorSheet.swift */ = {isa = PBXFileReference; lastKnownFileType = sourcecode.swift; path = PlateCalculatorSheet.swift; sourceTree = "<group>"; };
		F96CC6B018F159D5FA8FE982 /* TimelineBar.swift */ = {isa = PBXFileReference; lastKnownFileType = sourcecode.swift; path = TimelineBar.swift; sourceTree = "<group>"; };
		F9B75264B14BF7AA46A5CC5A /* MusclesPickerSheet.swift */ = {isa = PBXFileReference; lastKnownFileType = sourcecode.swift; path = MusclesPickerSheet.swift; sourceTree = "<group>"; };
		FC61BDA12796DCF77FEDA908 /* MuscleStatusShareCard.swift */ = {isa = PBXFileReference; lastKnownFileType = sourcecode.swift; path = MuscleStatusShareCard.swift; sourceTree = "<group>"; };
		FC99B70FE754501BBE53A4D8 /* en */ = {isa = PBXFileReference; lastKnownFileType = text.plist.strings; name = en; path = en.lproj/Localizable.strings; sourceTree = "<group>"; };
		FE73631309F4040E80314ED8 /* CoachSession.swift */ = {isa = PBXFileReference; lastKnownFileType = sourcecode.swift; path = CoachSession.swift; sourceTree = "<group>"; };
		FEB924488C05EA5A27B8B504 /* DataStore.swift */ = {isa = PBXFileReference; lastKnownFileType = sourcecode.swift; path = DataStore.swift; sourceTree = "<group>"; };
		FEDA5CD52A27EE48B089AD46 /* SettingsScreen.swift */ = {isa = PBXFileReference; lastKnownFileType = sourcecode.swift; path = SettingsScreen.swift; sourceTree = "<group>"; };
		FEE1FE1143673D15E8356C81 /* RoutinesShareSheet.swift */ = {isa = PBXFileReference; lastKnownFileType = sourcecode.swift; path = RoutinesShareSheet.swift; sourceTree = "<group>"; };
/* End PBXFileReference section */

/* Begin PBXFrameworksBuildPhase section */
		AF99EC383555E2CB12885F7A /* Frameworks */ = {
			isa = PBXFrameworksBuildPhase;
			buildActionMask = 2147483647;
			files = (
				97A61A2BDCBA7FEDB45DBABD /* Lottie in Frameworks */,
				32B6BB86E50B517AAF980F3E /* MuscleMap in Frameworks */,
			);
			runOnlyForDeploymentPostprocessing = 0;
		};
/* End PBXFrameworksBuildPhase section */

/* Begin PBXGroup section */
		0FAFB116E9872C55E3036EB1 /* Tabs */ = {
			isa = PBXGroup;
			children = (
				62E064A64B1EC7A66DB6C306 /* TrainingMiniBar.swift */,
			);
			path = Tabs;
			sourceTree = "<group>";
		};
		15C2F02B3E6B83438A133022 /* MasoWatch */ = {
			isa = PBXGroup;
			children = (
				B7EB0429B08168404618F1BA /* Assets.xcassets */,
				C5831930AC3A940150DBB302 /* Info.plist */,
				A63705CC4062E59B9B7201A9 /* MasoWatch.entitlements */,
				ED5F46664DB595CE345ED1F9 /* MasoWatchApp.swift */,
				EFADF03C8B68C694F394F493 /* PrivacyInfo.xcprivacy */,
				E6ACD1743B8BA8EFB05DFD53 /* WatchBrandMark.swift */,
				BF854A389D2582A6CF015F7D /* WatchBridge.swift */,
				8C75A0DE1EC23A7DCDE065D6 /* WatchViews.swift */,
				CA721C2F4E32B7402AC2CAA6 /* WatchWorkoutManager.swift */,
				85E7D9A5584A6797544E11DF /* InfoPlist.strings */,
				A578A5A0DF210CB2E7E2B4DD /* Localizable.strings */,
			);
			path = MasoWatch;
			sourceTree = "<group>";
		};
		20AC45277040F8992D7D0742 /* Data */ = {
			isa = PBXGroup;
			children = (
				A869CB4AC4EF2FD9CFD9D31C /* AIWorkoutService.swift */,
				CEEE409128074A2BE3999170 /* Anatomy.swift */,
				FE73631309F4040E80314ED8 /* CoachSession.swift */,
				E4CD0A6C911CC31064AFC8D4 /* CommunityPlans.swift */,
				FEB924488C05EA5A27B8B504 /* DataStore.swift */,
				34F46E6B89F953552C31D180 /* ExerciseGrouping.swift */,
				041577FA74CB0C00E92E4233 /* ExerciseImageCache.swift */,
				32577D31F28D36498F96BE6B /* ExerciseLibrary.swift */,
				354F3329C6D8C991F0297879 /* FeedbackStore.swift */,
				AC00B9B59687C5502999A3DA /* FeedbackTransport.swift */,
				C9CFBD927255937085E3C209 /* HealthKitService.swift */,
				0B9791F0998275E09C5575AD /* LanguageManager.swift */,
				DC6C8F3E62397B3CADF62790 /* MuscleStatusComputed.swift */,
				4E46EC3F68E92686D08B88D5 /* MuscleSynergy.swift */,
				C228082523E5BD38F52B6B76 /* PersistenceController.swift */,
				DE94CDA9C13C06FBE6DD8572 /* PlanSegments.swift */,
				18A4AE1F41CAA38374E02E4A /* PlanShareCodec.swift */,
				D9D16DE103E8C679BEDCC59E /* RecommendedPrograms.swift */,
				B87F8559328FE38597A76010 /* SubscriptionManager.swift */,
				39B0ED7125E3D12AB47C8D52 /* WatchSyncManager.swift */,
				F87FA4F7F3CF106213944906 /* Analytics */,
			);
			path = Data;
			sourceTree = "<group>";
		};
		237C68F2A30D4DD96015635A /* Views */ = {
			isa = PBXGroup;
			children = (
				749D14202F2DADE9E946D07D /* AppRouter.swift */,
				C987F88D32D400102494F9EC /* RootView.swift */,
				7DD9BAA3FD1E35EC871F4DEC /* SplashScreen.swift */,
				A5BA9075AC7E87212053E8BA /* Components */,
				C180427F43F87F8FE554AA62 /* Onboarding */,
				2FBABE2B5A3A6BB003DC88ED /* Screens */,
				0FAFB116E9872C55E3036EB1 /* Tabs */,
			);
			path = Views;
			sourceTree = "<group>";
		};
		240F276C4191EBDCF42E93A8 /* Products */ = {
			isa = PBXGroup;
			children = (
				E6BB99772BABDEBDE4A63981 /* Maso.app */,
				41C0AC08779818D878F224D9 /* MasoWatch.app */,
				77A945F8200B0EA1A6D6261B /* MasoWidgets.appex */,
			);
			name = Products;
			sourceTree = "<group>";
		};
		2FBABE2B5A3A6BB003DC88ED /* Screens */ = {
			isa = PBXGroup;
			children = (
				3745A13C1D2084D9DE846A9B /* AnalyticsInspectorScreen.swift */,
				899FD6CB734CAE919EBB292D /* CoachScreen.swift */,
				9650F52BD29FC327FE503B9B /* CommunityScreen.swift */,
				B83F25C9BAC855E570E52876 /* ExerciseLibraryBrowser.swift */,
				B56BF1DAA41EE256A9EDA30F /* FeedbackSheet.swift */,
				604E1A67DFCA8AEA8D2EB767 /* HistoryScreen.swift */,
				855B98EF31FFEB5E9C21DA4C /* ImportedPlanSheet.swift */,
				4161A34A2AE629582280FF70 /* LanguagePickerSheet.swift */,
				61B0293ADD8C41CCBB12FA12 /* PaywallScreen.swift */,
				8B2A99CE9D2DD17926946D6B /* PlanPlayerScreen.swift */,
				15DEC30C6EAE1F3C697B06DB /* PlansScreen.swift */,
				F8D7C1393538F9AEC41B4A7F /* PlateCalculatorSheet.swift */,
				CC12963E5718515334FAF5A8 /* QuickWorkoutScreen.swift */,
				FEDA5CD52A27EE48B089AD46 /* SettingsScreen.swift */,
				4A2FC82B09BFE985CB928FDB /* TodayScreen.swift */,
				E971064231D3F55030DBE2F5 /* WorkoutCalendarScreen.swift */,
			);
			path = Screens;
			sourceTree = "<group>";
		};
		37601A7DD4663945227A193A /* State */ = {
			isa = PBXGroup;
			children = (
				F72504052FBF96C8AFDFAA91 /* Haptics.swift */,
				31363EC52103D24538FBFF39 /* LiveActivityManager.swift */,
				5B068DFBBE373F9C69D094F3 /* RestNotificationScheduler.swift */,
				291EB7D06E7999D43C70577F /* SessionPersistence.swift */,
				B91FB80311BBA14D7AAC8FBF /* SoundPlayer.swift */,
				3901E5D4EB6430B5A6682418 /* SpeechManager.swift */,
				7D7F0F064D3300FEAAE9ABE8 /* TrainingSession.swift */,
				35C81E839F1BA51AF2F89F2D /* WorkoutReminderScheduler.swift */,
			);
			path = State;
			sourceTree = "<group>";
		};
		3B57AEA45B3EC10DCBB6E5F5 /* Share */ = {
			isa = PBXGroup;
			children = (
				750AFFA68B8A24177AF77A3E /* InsightShareCard.swift */,
				FC61BDA12796DCF77FEDA908 /* MuscleStatusShareCard.swift */,
				19E60279DA5B5FE740DC4A8D /* PhotoPicker.swift */,
				FEE1FE1143673D15E8356C81 /* RoutinesShareSheet.swift */,
				4FAF7A7E839EEE640A8B4CC9 /* SessionShareCard.swift */,
				59EC9219101B66F7B497AB18 /* ShareCardFooter.swift */,
				BFAD46757159C0D547E762E2 /* ShareImageButton.swift */,
				C23B6D56681E2D7861F4E5E2 /* ShareImageRenderer.swift */,
				56E05CE78F6F538104992F20 /* UnifiedShareCard.swift */,
				5AE16FB98CDFE5B432B63488 /* WeeklyFrequencyShareCard.swift */,
				4643C30D54A587474C3ED458 /* WorkoutCompleteShareCard.swift */,
				5C92872E5E637979EE00974B /* WorkoutDetailShareCard.swift */,
			);
			path = Share;
			sourceTree = "<group>";
		};
		552A088840F793B0F8ADDCC3 /* Models */ = {
			isa = PBXGroup;
			children = (
				A015C1CBD0ADEA27FDC680FC /* AISummary.swift */,
				D77C73F79BDCE3D7C90EF2C7 /* Exercise.swift */,
				652661E7A8B67B3B7F5E7241 /* MuscleGroup.swift */,
				1545AEA651F97CD56E65D4E5 /* MuscleMapping.swift */,
				6DC4E04539409F755E9C7B77 /* Plan.swift */,
				03E88525E276032B0BCAB227 /* Settings.swift */,
			);
			path = Models;
			sourceTree = "<group>";
		};
		57F58672FAE29A88CC418056 /* Shared */ = {
			isa = PBXGroup;
			children = (
				4E94E7A863D7DD87C5C4EB7D /* TrainingActivityAttributes.swift */,
			);
			path = Shared;
			sourceTree = "<group>";
		};
		905E25EA984AF4D712E4DBD8 = {
			isa = PBXGroup;
			children = (
				F75C4FAD9C84A32FC08E329D /* Maso */,
				15C2F02B3E6B83438A133022 /* MasoWatch */,
				B1AC4483354FC2E37F33ACD0 /* MasoWidgets */,
				FA41374DFD16E2719CDF6607 /* Shared */,
				240F276C4191EBDCF42E93A8 /* Products */,
			);
			sourceTree = "<group>";
		};
		9F25A5CAEEB044F08F96DBDE /* new-exercise-db */ = {
			isa = PBXGroup;
			children = (
				CA786C2BA3CB3ED1D9264315 /* _anatomy-research.md */,
				0685655F9D540D1B4497977C /* _canonical-examples.json */,
				C4FC2485A0C7673172E17624 /* _match-report.md */,
				61DD41DB699CD22EC64D9AE5 /* _merge-report.md */,
				B60786EDA8A1B901D6361BF3 /* _missing-image-new.md */,
				78E9AE6303C3221E696A4367 /* _orphan-old-exercises.md */,
				66148E10896DB30778E6C89D /* _progress.md */,
				A312E7F5CEA8FACE3E0183FA /* _review-queue-decisions.json */,
				F5E0B96BFDCCD185AB24895A /* 1-chest-triceps.json */,
				F2980C2BED7FBFC98D717FE6 /* 1b-triceps-supplement.json */,
				BB71A18FE20FD0FE95951416 /* 2-shoulders.json */,
				CED9025409401C575B180D72 /* 3-back-biceps-forearms.json */,
				3B81F5BBF4E68644835BBCE7 /* 4-legs.json */,
				42B82AED23B3DDCA887C1263 /* 5-core-stretching.json */,
				6872D679180A58238F9E1258 /* 6-cardio-plyo-cali.json */,
				D4C5F3E72ADD7E2C06CE3FED /* exercises-matched.json */,
				AFFACBCE14220218C3F49853 /* exercises-new.json */,
			);
			path = "new-exercise-db";
			sourceTree = "<group>";
		};
		A5BA9075AC7E87212053E8BA /* Components */ = {
			isa = PBXGroup;
			children = (
				4C0ABD6ABBC04D5462687B22 /* AddExerciseSheets.swift */,
				88890E68F3513CC6BC233F84 /* AISummaryCard.swift */,
				7546A6BF24D431EDFC2405E6 /* AnimeBodyView.swift */,
				54145EB316E1E581619F6C65 /* BodyHint.swift */,
				0070D8A3C7E1513A852DFDDA /* CrossFadeFrames.swift */,
				402229E63028077115335B66 /* ExerciseImage.swift */,
				4DACD2EC09799CF0ACC9176F /* ExerciseTagsRow.swift */,
				E392D3BCA567E27D36082C9C /* FilterMenuButton.swift */,
				ADC7BD7F1CA2B51B8BE76943 /* InlineWorkoutCalendar.swift */,
				0BC543B079D9DDA682611412 /* InsightCards.swift */,
				EF44FB435946D62FFB510C3B /* InsightsChartsView.swift */,
				5F761A3AFFC27FB54D554AC8 /* LayoutToggle.swift */,
				DFBD3B16C9810A2419F041FA /* LimitedFlowLayout.swift */,
				0248671AE93BF975A90389AD /* LottieView.swift */,
				80FD6F69FE62071220B54EDF /* MasoBrandLogo.swift */,
				BC1D591C5E30FA068C933520 /* MasoMarkIcon.swift */,
				C85CFB727541762C8447F7E4 /* MuscleSelector.swift */,
				F9B75264B14BF7AA46A5CC5A /* MusclesPickerSheet.swift */,
				CFD21DF2E0041A5BFFACB388 /* MuscleStatusOverviewCard.swift */,
				3BFB5D5CE95E571387E9D1C0 /* MuscleVisualBlock.swift */,
				0C2072C444E5B90F0EC1A07C /* NumStepperField.swift */,
				50A10E5E18C4925F0ACEC2C6 /* ProBanner.swift */,
				A86DF0600F128A94067E0D44 /* RoutineOptimizeCard.swift */,
				1A36C4336039446730B6DF52 /* SwipeableRow.swift */,
				F96CC6B018F159D5FA8FE982 /* TimelineBar.swift */,
				07C814AC57D00E7740B6A51B /* TrainingSettingsSection.swift */,
				F2A600A7E0E002CC5B8B3253 /* WorkoutCard.swift */,
				3B57AEA45B3EC10DCBB6E5F5 /* Share */,
			);
			path = Components;
			sourceTree = "<group>";
		};
		AE11494BA09D643E381497F1 /* Resources */ = {
			isa = PBXGroup;
			children = (
				442FF14A64291FEEEC144E6F /* ExerciseNames.strings */,
				0F0CC1A2FAA3DE68BF6CC1F0 /* exercises-v1-yuhonas.json.bak */,
				DA0ACB9DAE29B94B2DAB494F /* exercises.json */,
				66C38DF43C2C4CF7451159A7 /* free-exercise-db.LICENSE.md */,
				D805C0F10BBF8B4FC50C3569 /* lottie-pulse.json */,
				AEA50F58EB721CCD8002CC2C /* InfoPlist.strings */,
				65A12AE0FF2F890344E8D991 /* Localizable.strings */,
				9F25A5CAEEB044F08F96DBDE /* new-exercise-db */,
			);
			path = Resources;
			sourceTree = "<group>";
		};
		B1AC4483354FC2E37F33ACD0 /* MasoWidgets */ = {
			isa = PBXGroup;
			children = (
				8BDFF5A1E76EC5EEC94DEE3E /* Info.plist */,
				F23A1B6576340183A91DC77A /* MasoTrainingLiveActivity.swift */,
				71828AB12DF85E9E6B7E3650 /* MasoWidgetsBundle.swift */,
				AB7C9BA46E401E4602116ADA /* Localizable.strings */,
			);
			path = MasoWidgets;
			sourceTree = "<group>";
		};
		B435039E3E92269484C78C35 /* Theme */ = {
			isa = PBXGroup;
			children = (
				AB9DEC8FE0A1B5B1E9ADC8EE /* CardChrome.swift */,
				EA133CA664EEBFD23357FBF5 /* Colors.swift */,
				F2C7B1AA85268521E018CA24 /* Formatters.swift */,
			);
			path = Theme;
			sourceTree = "<group>";
		};
		C180427F43F87F8FE554AA62 /* Onboarding */ = {
			isa = PBXGroup;
			children = (
				4AA4A06581D27DA14D0FDE78 /* OnboardingScreen.swift */,
			);
			path = Onboarding;
			sourceTree = "<group>";
		};
		F75C4FAD9C84A32FC08E329D /* Maso */ = {
			isa = PBXGroup;
			children = (
				CDA3B6F67C353E227D0E2E8C /* Assets.xcassets */,
				BB254159F807BC6F943ED96C /* Info.plist */,
				F64DFBAF4A91D0EE022A4F5E /* Maso.entitlements */,
				88FD8C8AE888DB6357031DB6 /* MasoApp.swift */,
				51297D208F41269DA8453899 /* PrivacyInfo.xcprivacy */,
				653DD0BED86D314FCD0EA9CF /* Secrets.xcconfig */,
				20AC45277040F8992D7D0742 /* Data */,
				552A088840F793B0F8ADDCC3 /* Models */,
				AE11494BA09D643E381497F1 /* Resources */,
				57F58672FAE29A88CC418056 /* Shared */,
				37601A7DD4663945227A193A /* State */,
				B435039E3E92269484C78C35 /* Theme */,
				237C68F2A30D4DD96015635A /* Views */,
			);
			path = Maso;
			sourceTree = "<group>";
		};
		F87FA4F7F3CF106213944906 /* Analytics */ = {
			isa = PBXGroup;
			children = (
				4F719EC148B5D7C878DB3DB5 /* Analytics.swift */,
				069859EC6FA8AF63CBF8821C /* AnalyticsEvent.swift */,
				91F6414BD5454144D171D2D3 /* AnalyticsSink.swift */,
			);
			path = Analytics;
			sourceTree = "<group>";
		};
		FA41374DFD16E2719CDF6607 /* Shared */ = {
			isa = PBXGroup;
			children = (
				488DC55B655AADC17C698B17 /* WatchSyncState.swift */,
			);
			name = Shared;
			path = MasoWatch/Shared;
			sourceTree = "<group>";
		};
/* End PBXGroup section */

/* Begin PBXNativeTarget section */
		086C76C864579C1ABB3626DF /* MasoWatch */ = {
			isa = PBXNativeTarget;
			buildConfigurationList = 6AEE97CEA22331D95068FDAB /* Build configuration list for PBXNativeTarget "MasoWatch" */;
			buildPhases = (
				C4AA5DAE95B592445548EAED /* Sources */,
				27A7B19CDC210A624EEC4CA4 /* Resources */,
			);
			buildRules = (
			);
			dependencies = (
			);
			name = MasoWatch;
			packageProductDependencies = (
			);
			productName = MasoWatch;
			productReference = 41C0AC08779818D878F224D9 /* MasoWatch.app */;
			productType = "com.apple.product-type.application";
		};
		E7AD83B4EB28D42D152914A5 /* MasoWidgets */ = {
			isa = PBXNativeTarget;
			buildConfigurationList = C95CDA834D1005B742FF88D7 /* Build configuration list for PBXNativeTarget "MasoWidgets" */;
			buildPhases = (
				454916B322668C682D87C113 /* Sources */,
				431AC0C5152A2922E4C3B064 /* Resources */,
			);
			buildRules = (
			);
			dependencies = (
			);
			name = MasoWidgets;
			packageProductDependencies = (
			);
			productName = MasoWidgets;
			productReference = 77A945F8200B0EA1A6D6261B /* MasoWidgets.appex */;
			productType = "com.apple.product-type.app-extension";
		};
		F25294344E87B000A48A56AC /* Maso */ = {
			isa = PBXNativeTarget;
			buildConfigurationList = A97EE1697D510373EBF5F10E /* Build configuration list for PBXNativeTarget "Maso" */;
			buildPhases = (
				8D14F1C193111097F477A2F1 /* Sources */,
				7D5CDF0ABB801E3CA9B314B9 /* Resources */,
				AF99EC383555E2CB12885F7A /* Frameworks */,
				00BE3E8151BEC7C8DDB97648 /* Embed Foundation Extensions */,
				C77FCD70CD16CFC496E13125 /* Embed Watch Content */,
			);
			buildRules = (
			);
			dependencies = (
				FFE7044942A251ED2F554A00 /* PBXTargetDependency */,
				8A9CF4282E2365BBB4406A34 /* PBXTargetDependency */,
			);
			name = Maso;
			packageProductDependencies = (
				31990508FD012FF9FC4CE295 /* Lottie */,
				A51CA81287BF42F6C0DF248E /* MuscleMap */,
			);
			productName = Maso;
			productReference = E6BB99772BABDEBDE4A63981 /* Maso.app */;
			productType = "com.apple.product-type.application";
		};
/* End PBXNativeTarget section */

/* Begin PBXProject section */
		42D8EA3365C5EB4B4D4E3DEC /* Project object */ = {
			isa = PBXProject;
			attributes = {
				BuildIndependentTargetsInParallel = YES;
				LastUpgradeCheck = 2600;
				TargetAttributes = {
					086C76C864579C1ABB3626DF = {
						DevelopmentTeam = TW8ZVVX529;
						ProvisioningStyle = Automatic;
					};
					E7AD83B4EB28D42D152914A5 = {
						DevelopmentTeam = TW8ZVVX529;
						ProvisioningStyle = Automatic;
					};
					F25294344E87B000A48A56AC = {
						DevelopmentTeam = TW8ZVVX529;
						ProvisioningStyle = Automatic;
					};
				};
			};
			buildConfigurationList = 1C138ABB57CE0A0610B6FFAB /* Build configuration list for PBXProject "Maso" */;
			developmentRegion = en;
			hasScannedForEncodings = 0;
			knownRegions = (
				Base,
				en,
				"zh-Hans",
			);
			mainGroup = 905E25EA984AF4D712E4DBD8;
			minimizedProjectReferenceProxies = 1;
			packageReferences = (
				D96E17F3D8BC8A17FEA09E0F /* XCRemoteSwiftPackageReference "lottie-spm" */,
				622278E6046CFFC03E1F1349 /* XCRemoteSwiftPackageReference "MuscleMap" */,
			);
			preferredProjectObjectVersion = 77;
			productRefGroup = 240F276C4191EBDCF42E93A8 /* Products */;
			projectDirPath = "";
			projectRoot = "";
			targets = (
				F25294344E87B000A48A56AC /* Maso */,
				086C76C864579C1ABB3626DF /* MasoWatch */,
				E7AD83B4EB28D42D152914A5 /* MasoWidgets */,
			);
		};
/* End PBXProject section */

/* Begin PBXResourcesBuildPhase section */
		27A7B19CDC210A624EEC4CA4 /* Resources */ = {
			isa = PBXResourcesBuildPhase;
			buildActionMask = 2147483647;
			files = (
				8CA66B3BC7C970E107B47B00 /* Assets.xcassets in Resources */,
				40078C2D70FF7B982CB41B4B /* InfoPlist.strings in Resources */,
				A773D60F819FB3E5A85683DB /* Localizable.strings in Resources */,
				F36F4DB192FD35D5CF1E3EE6 /* PrivacyInfo.xcprivacy in Resources */,
			);
			runOnlyForDeploymentPostprocessing = 0;
		};
		431AC0C5152A2922E4C3B064 /* Resources */ = {
			isa = PBXResourcesBuildPhase;
			buildActionMask = 2147483647;
			files = (
				2CA0BA9D5B19CC61336C6B22 /* Localizable.strings in Resources */,
			);
			runOnlyForDeploymentPostprocessing = 0;
		};
		7D5CDF0ABB801E3CA9B314B9 /* Resources */ = {
			isa = PBXResourcesBuildPhase;
			buildActionMask = 2147483647;
			files = (
				AA3BE2669263C2BE68EB4CDD /* 1-chest-triceps.json in Resources */,
				97DC9B886CF3C5DF2369E746 /* 1b-triceps-supplement.json in Resources */,
				FA06AA1CBA552166EE24989A /* 2-shoulders.json in Resources */,
				AD135E90B89CB6E7D688A073 /* 3-back-biceps-forearms.json in Resources */,
				5F64262B4143CB2032821AC5 /* 4-legs.json in Resources */,
				39757B65C5BD9D0B02EC5409 /* 5-core-stretching.json in Resources */,
				A221C096C6DA84BD6CE71E16 /* 6-cardio-plyo-cali.json in Resources */,
				F712495D92EF9A778FC3AA30 /* Assets.xcassets in Resources */,
				B9A9B0E1423D577E7729F574 /* ExerciseNames.strings in Resources */,
				16A44867546198C2D36C1451 /* InfoPlist.strings in Resources */,
				B695690D9B19F6DD4C248428 /* Localizable.strings in Resources */,
				A8ADD0D5AB7BBA43162FA3C2 /* PrivacyInfo.xcprivacy in Resources */,
				DAA6215D14E413F8E24063CA /* _anatomy-research.md in Resources */,
				44876A2FF7F8EF483848DD3F /* _canonical-examples.json in Resources */,
				9A1530197A071FB84853F4ED /* _match-report.md in Resources */,
				9E098E9CEEAD3213B57FA6AE /* _merge-report.md in Resources */,
				CD19F224EAD90C25B4F94A7B /* _missing-image-new.md in Resources */,
				2D3A7A870943A8CCBA2F97AD /* _orphan-old-exercises.md in Resources */,
				174D49704B0D1EEC7974C877 /* _progress.md in Resources */,
				26947FA4559E9CCC47AF90D7 /* _review-queue-decisions.json in Resources */,
				09AE7E2E86BAA6503292E0E4 /* exercises-matched.json in Resources */,
				8D0F586EFC644CFDF69F18F8 /* exercises-new.json in Resources */,
				AE0067A57692F92627426C21 /* exercises-v1-yuhonas.json.bak in Resources */,
				D7DE905316F3FFBC4156F3CE /* exercises.json in Resources */,
				BFE86B39FF7F61F784028E92 /* free-exercise-db.LICENSE.md in Resources */,
				7FA131AFD2BFD47BA0383693 /* lottie-pulse.json in Resources */,
			);
			runOnlyForDeploymentPostprocessing = 0;
		};
/* End PBXResourcesBuildPhase section */

/* Begin PBXSourcesBuildPhase section */
		454916B322668C682D87C113 /* Sources */ = {
			isa = PBXSourcesBuildPhase;
			buildActionMask = 2147483647;
			files = (
				6C9D32CC850C9DCBA8556101 /* MasoTrainingLiveActivity.swift in Sources */,
				A1A4011C52823387ECB4E407 /* MasoWidgetsBundle.swift in Sources */,
				B6A3B8B511C76752980A5157 /* TrainingActivityAttributes.swift in Sources */,
			);
			runOnlyForDeploymentPostprocessing = 0;
		};
		8D14F1C193111097F477A2F1 /* Sources */ = {
			isa = PBXSourcesBuildPhase;
			buildActionMask = 2147483647;
			files = (
				060B4BAABA688BD0007AD51C /* AISummary.swift in Sources */,
				148E3CFD76C6112B00ABA196 /* AISummaryCard.swift in Sources */,
				76F9805CDA3E261CA146C7A5 /* AIWorkoutService.swift in Sources */,
				572CC3292D5F414A89B53C1C /* AddExerciseSheets.swift in Sources */,
				2EE919ED70D16641A51C3E19 /* Analytics.swift in Sources */,
				A53267F9AD76CA623FB487EB /* AnalyticsEvent.swift in Sources */,
				1F035E39D422ABF9C2F15D94 /* AnalyticsInspectorScreen.swift in Sources */,
				BDF71F8A0D436A235F33A486 /* AnalyticsSink.swift in Sources */,
				4921E4C7CD778A4E81EBEBA8 /* Anatomy.swift in Sources */,
				2A8850718E62ACE893EEF2D8 /* AnimeBodyView.swift in Sources */,
				17D9E2729D5EB223EF42F762 /* AppRouter.swift in Sources */,
				E78F1A3F512D37B2BFA4A286 /* BodyHint.swift in Sources */,
				F05D16F0A53CAF7281490F9F /* CardChrome.swift in Sources */,
				E3B3E0E89E5925038AE32669 /* CoachScreen.swift in Sources */,
				917F8994567C132FC3EFF55B /* CoachSession.swift in Sources */,
				94D4CE6164253560EE728358 /* Colors.swift in Sources */,
				2911B010C07D8A9CE402F8A1 /* CommunityPlans.swift in Sources */,
				532DFBDCD4B16B6F58710B61 /* CommunityScreen.swift in Sources */,
				182CFCDB8E25839EB82276AC /* CrossFadeFrames.swift in Sources */,
				688D1CA5D81E668665F0EBC6 /* DataStore.swift in Sources */,
				94726ECFE4CED09904E4FBA1 /* Exercise.swift in Sources */,
				D1F18A807794D0FC0FD24137 /* ExerciseGrouping.swift in Sources */,
				C5CF734E8DD3CCD6D7F11C95 /* ExerciseImage.swift in Sources */,
				C5CE4E5E20D80EBC46E0A117 /* ExerciseImageCache.swift in Sources */,
				73731653E1B5D8523F41DFA4 /* ExerciseLibrary.swift in Sources */,
				972195D3BEE4D2BC034B5299 /* ExerciseLibraryBrowser.swift in Sources */,
				31264938BC7DA74E6910F618 /* ExerciseTagsRow.swift in Sources */,
				C5AF019E72EFE3F7EB910534 /* FeedbackSheet.swift in Sources */,
				20C953FA7A818738E35FD6F2 /* FeedbackStore.swift in Sources */,
				C0D2F202AEE7F46CF8FBF69B /* FeedbackTransport.swift in Sources */,
				56E3B748AC3176A24A1F72B9 /* FilterMenuButton.swift in Sources */,
				4045DC14ACF646BD6B5E5B20 /* Formatters.swift in Sources */,
				B29DFD334141BC5684FD57A6 /* Haptics.swift in Sources */,
				0C9DFCCE90F73336451E893C /* HealthKitService.swift in Sources */,
				6076960B399F6AEE4BE34B89 /* HistoryScreen.swift in Sources */,
				B6A155A1009B7AD3E0B8F93A /* ImportedPlanSheet.swift in Sources */,
				E7BEFB80EC7A46518E7B59B9 /* InlineWorkoutCalendar.swift in Sources */,
				DC4569EC8E9B9B0EE49F5595 /* InsightCards.swift in Sources */,
				D6B477627894CA6C065148E0 /* InsightShareCard.swift in Sources */,
				1693D53DEA42CCA1AB8E4409 /* InsightsChartsView.swift in Sources */,
				675F46DE13174897BC8316A7 /* LanguageManager.swift in Sources */,
				1A52CF157E55BE3997571C63 /* LanguagePickerSheet.swift in Sources */,
				88B007435E601164A2241EDE /* LayoutToggle.swift in Sources */,
				73A663C1917B312B7D2AE66C /* LimitedFlowLayout.swift in Sources */,
				F539563C25B1A76F848BE0BC /* LiveActivityManager.swift in Sources */,
				01CB4AC5DDE5ABD17EBFFEE9 /* LottieView.swift in Sources */,
				6D60477E08F4B84BC1C8DF8E /* MasoApp.swift in Sources */,
				1605075E6DF23E750E90BD9A /* MasoBrandLogo.swift in Sources */,
				E40B7C038FA77F3BD95F0E5D /* MasoMarkIcon.swift in Sources */,
				E7F227189AAF7F9E428F5297 /* MuscleGroup.swift in Sources */,
				2E01B7CC1D7C6DEF94C4618B /* MuscleMapping.swift in Sources */,
				CFACBB04C2B2F7715D76D273 /* MuscleSelector.swift in Sources */,
				846A46991988FFB645618E51 /* MuscleStatusComputed.swift in Sources */,
				3DD250B994DE2ECE262AAF96 /* MuscleStatusOverviewCard.swift in Sources */,
				9859B4F11B0CC09D31368050 /* MuscleStatusShareCard.swift in Sources */,
				37D0EB70BF12A1DC0AA2ACD7 /* MuscleSynergy.swift in Sources */,
				00A4D9E8097FD64B9A060964 /* MuscleVisualBlock.swift in Sources */,
				065D18A391A35FE37DAE4455 /* MusclesPickerSheet.swift in Sources */,
				1BF1C9F054E628089F2B6CDF /* NumStepperField.swift in Sources */,
				82EF7E005BD1C31B054E49B7 /* OnboardingScreen.swift in Sources */,
				D3C467BCD7239BC40C99C25E /* PaywallScreen.swift in Sources */,
				CE995F4FE19088CC54F0C21C /* PersistenceController.swift in Sources */,
				D2A5A66A03EA5AFD75D478EB /* PhotoPicker.swift in Sources */,
				C17EA63579305A76D115C431 /* Plan.swift in Sources */,
				824F7863E8635C58E60C147B /* PlanPlayerScreen.swift in Sources */,
				E713BB3AD37D051B6B9D716A /* PlanSegments.swift in Sources */,
				78847633826CBE7F80F82523 /* PlanShareCodec.swift in Sources */,
				ACB7B9B537CDB3B86452670C /* PlansScreen.swift in Sources */,
				04BF37E058F0FB0D5085E382 /* PlateCalculatorSheet.swift in Sources */,
				3DD8048F21FA7BB1FDEFBCEF /* ProBanner.swift in Sources */,
				31BF55F4883B0DBAD9BAD245 /* QuickWorkoutScreen.swift in Sources */,
				9CCA9C0B50357A55CB879DBF /* RecommendedPrograms.swift in Sources */,
				70639D2DC8C6A85D484742AC /* RestNotificationScheduler.swift in Sources */,
				95676F299C926544BE383ED7 /* RootView.swift in Sources */,
				D123FE5C1C40DBA244A94227 /* RoutineOptimizeCard.swift in Sources */,
				9695F854DFC02EC369558A96 /* RoutinesShareSheet.swift in Sources */,
				2B7135D783046C4EAEF60FA4 /* SessionPersistence.swift in Sources */,
				7569DFE706941F606D7A84A0 /* SessionShareCard.swift in Sources */,
				9F8AE1A6DE0870B670608C42 /* Settings.swift in Sources */,
				2977FB3704410158FB0D2391 /* SettingsScreen.swift in Sources */,
				5E76B801E37532F221C5EA18 /* ShareCardFooter.swift in Sources */,
				7F99DAA5C4425C59687E0ED0 /* ShareImageButton.swift in Sources */,
				295AC2CEBA8187E2ECECB643 /* ShareImageRenderer.swift in Sources */,
				1047791541144FB813063EC2 /* SoundPlayer.swift in Sources */,
				2D2BA8727CE9F97CB82972D4 /* SpeechManager.swift in Sources */,
				FF90D3253FAF4F45542D0ED5 /* SplashScreen.swift in Sources */,
				A9CEFA227C6E9AEFB349111A /* SubscriptionManager.swift in Sources */,
				692DD540E336629461989253 /* SwipeableRow.swift in Sources */,
				919C25BB4DF2299218BEEE94 /* TimelineBar.swift in Sources */,
				56D4D47EC11CD4F3E8AA99C6 /* TodayScreen.swift in Sources */,
				21EE6684F038A29EB4A5DB01 /* TrainingActivityAttributes.swift in Sources */,
				2F004DE222001D4A20537ECF /* TrainingMiniBar.swift in Sources */,
				1E75AB0DB92635528D580692 /* TrainingSession.swift in Sources */,
				C53D75F8EAA9D73AA902C910 /* TrainingSettingsSection.swift in Sources */,
				9589422FFA8A7F9B610997B4 /* UnifiedShareCard.swift in Sources */,
				29FB1C6513BECACF4FED08D5 /* WatchSyncManager.swift in Sources */,
				76A76DECC357DFBC845C880C /* WatchSyncState.swift in Sources */,
				30768B59B80E718006BC449F /* WeeklyFrequencyShareCard.swift in Sources */,
				073B17B64DFD1C33740E76AB /* WorkoutCalendarScreen.swift in Sources */,
				BB29ABF8E0E2590167AEA372 /* WorkoutCard.swift in Sources */,
				95E99052293069BEA6956C93 /* WorkoutCompleteShareCard.swift in Sources */,
				19791342BC2C6807AB08C623 /* WorkoutDetailShareCard.swift in Sources */,
				6E1809EAABCBCFBEF138772C /* WorkoutReminderScheduler.swift in Sources */,
			);
			runOnlyForDeploymentPostprocessing = 0;
		};
		C4AA5DAE95B592445548EAED /* Sources */ = {
			isa = PBXSourcesBuildPhase;
			buildActionMask = 2147483647;
			files = (
				646C03A757E2E933B14C2673 /* MasoWatchApp.swift in Sources */,
				CCFB22BB1AD7B2B70BB5F32F /* WatchBrandMark.swift in Sources */,
				58B55D526157588452E3D831 /* WatchBridge.swift in Sources */,
				6617A19E1CBB579C44E72988 /* WatchSyncState.swift in Sources */,
				38D1739297A938C766CE3B89 /* WatchViews.swift in Sources */,
				CF0DF500D090FE778C2DE542 /* WatchWorkoutManager.swift in Sources */,
			);
			runOnlyForDeploymentPostprocessing = 0;
		};
/* End PBXSourcesBuildPhase section */

/* Begin PBXTargetDependency section */
		8A9CF4282E2365BBB4406A34 /* PBXTargetDependency */ = {
			isa = PBXTargetDependency;
			target = 086C76C864579C1ABB3626DF /* MasoWatch */;
			targetProxy = 499195927FE3C057D2A6509A /* PBXContainerItemProxy */;
		};
		FFE7044942A251ED2F554A00 /* PBXTargetDependency */ = {
			isa = PBXTargetDependency;
			target = E7AD83B4EB28D42D152914A5 /* MasoWidgets */;
			targetProxy = 3B039DC788233C4D75072D89 /* PBXContainerItemProxy */;
		};
/* End PBXTargetDependency section */

/* Begin PBXVariantGroup section */
		65A12AE0FF2F890344E8D991 /* Localizable.strings */ = {
			isa = PBXVariantGroup;
			children = (
				FC99B70FE754501BBE53A4D8 /* en */,
				004E051B960215DECB2DA0D6 /* zh-Hans */,
			);
			name = Localizable.strings;
			sourceTree = "<group>";
		};
		85E7D9A5584A6797544E11DF /* InfoPlist.strings */ = {
			isa = PBXVariantGroup;
			children = (
				46F5A1F003F42B241567962B /* en */,
				3BA11D44EFA06E33B21AB62E /* zh-Hans */,
			);
			name = InfoPlist.strings;
			sourceTree = "<group>";
		};
		A578A5A0DF210CB2E7E2B4DD /* Localizable.strings */ = {
			isa = PBXVariantGroup;
			children = (
				8483DD8A4BDD8AB4DACB82D4 /* en */,
				1C9BB0841A68AEC18B9A2EA2 /* zh-Hans */,
			);
			name = Localizable.strings;
			sourceTree = "<group>";
		};
		AB7C9BA46E401E4602116ADA /* Localizable.strings */ = {
			isa = PBXVariantGroup;
			children = (
				E097C6FBEC7E44DBC847FEF6 /* en */,
				806284849E050B355DF8A75D /* zh-Hans */,
			);
			name = Localizable.strings;
			sourceTree = "<group>";
		};
		AEA50F58EB721CCD8002CC2C /* InfoPlist.strings */ = {
			isa = PBXVariantGroup;
			children = (
				085676B9F3AA69450E839FC5 /* en */,
				5173DA5EB7D3AF0ADF40A6CE /* zh-Hans */,
			);
			name = InfoPlist.strings;
			sourceTree = "<group>";
		};
/* End PBXVariantGroup section */

/* Begin XCBuildConfiguration section */
		32B1150286F581ADC2F30524 /* Debug */ = {
			isa = XCBuildConfiguration;
			buildSettings = {
				ALWAYS_SEARCH_USER_PATHS = NO;
				CLANG_ANALYZER_NONNULL = YES;
				CLANG_ANALYZER_NUMBER_OBJECT_CONVERSION = YES_AGGRESSIVE;
				CLANG_CXX_LANGUAGE_STANDARD = "gnu++14";
				CLANG_CXX_LIBRARY = "libc++";
				CLANG_ENABLE_MODULES = YES;
				CLANG_ENABLE_OBJC_ARC = YES;
				CLANG_ENABLE_OBJC_WEAK = YES;
				CLANG_WARN_BLOCK_CAPTURE_AUTORELEASING = YES;
				CLANG_WARN_BOOL_CONVERSION = YES;
				CLANG_WARN_COMMA = YES;
				CLANG_WARN_CONSTANT_CONVERSION = YES;
				CLANG_WARN_DEPRECATED_OBJC_IMPLEMENTATIONS = YES;
				CLANG_WARN_DIRECT_OBJC_ISA_USAGE = YES_ERROR;
				CLANG_WARN_DOCUMENTATION_COMMENTS = YES;
				CLANG_WARN_EMPTY_BODY = YES;
				CLANG_WARN_ENUM_CONVERSION = YES;
				CLANG_WARN_INFINITE_RECURSION = YES;
				CLANG_WARN_INT_CONVERSION = YES;
				CLANG_WARN_NON_LITERAL_NULL_CONVERSION = YES;
				CLANG_WARN_OBJC_IMPLICIT_RETAIN_SELF = YES;
				CLANG_WARN_OBJC_LITERAL_CONVERSION = YES;
				CLANG_WARN_OBJC_ROOT_CLASS = YES_ERROR;
				CLANG_WARN_QUOTED_INCLUDE_IN_FRAMEWORK_HEADER = YES;
				CLANG_WARN_RANGE_LOOP_ANALYSIS = YES;
				CLANG_WARN_STRICT_PROTOTYPES = YES;
				CLANG_WARN_SUSPICIOUS_MOVE = YES;
				CLANG_WARN_UNGUARDED_AVAILABILITY = YES_AGGRESSIVE;
				CLANG_WARN_UNREACHABLE_CODE = YES;
				CLANG_WARN__DUPLICATE_METHOD_MATCH = YES;
				CODE_SIGN_STYLE = Automatic;
				COPY_PHASE_STRIP = NO;
				DEBUG_INFORMATION_FORMAT = dwarf;
				DEVELOPMENT_TEAM = TW8ZVVX529;
				ENABLE_STRICT_OBJC_MSGSEND = YES;
				ENABLE_TESTABILITY = YES;
				ENABLE_USER_SCRIPT_SANDBOXING = NO;
				GCC_C_LANGUAGE_STANDARD = gnu11;
				GCC_DYNAMIC_NO_PIC = NO;
				GCC_NO_COMMON_BLOCKS = YES;
				GCC_OPTIMIZATION_LEVEL = 0;
				GCC_PREPROCESSOR_DEFINITIONS = (
					"$(inherited)",
					"DEBUG=1",
				);
				GCC_WARN_64_TO_32_BIT_CONVERSION = YES;
				GCC_WARN_ABOUT_RETURN_TYPE = YES_ERROR;
				GCC_WARN_UNDECLARED_SELECTOR = YES;
				GCC_WARN_UNINITIALIZED_AUTOS = YES_AGGRESSIVE;
				GCC_WARN_UNUSED_FUNCTION = YES;
				GCC_WARN_UNUSED_VARIABLE = YES;
				IPHONEOS_DEPLOYMENT_TARGET = 18.0;
				MTL_ENABLE_DEBUG_INFO = INCLUDE_SOURCE;
				MTL_FAST_MATH = YES;
				ONLY_ACTIVE_ARCH = YES;
				PRODUCT_NAME = "$(TARGET_NAME)";
				SWIFT_ACTIVE_COMPILATION_CONDITIONS = DEBUG;
				SWIFT_OPTIMIZATION_LEVEL = "-Onone";
				SWIFT_STRICT_CONCURRENCY = minimal;
				SWIFT_VERSION = 5.10;
				TARGETED_DEVICE_FAMILY = 1;
				WATCHOS_DEPLOYMENT_TARGET = 11.0;
			};
			name = Debug;
		};
		36AD142E7E61D7493DD0BBAF /* Release */ = {
			isa = XCBuildConfiguration;
			buildSettings = {
				GENERATE_INFOPLIST_FILE = NO;
				INFOPLIST_FILE = MasoWidgets/Info.plist;
				INFOPLIST_KEY_CFBundleDisplayName = "Masso Widgets";
				LD_RUNPATH_SEARCH_PATHS = (
					"$(inherited)",
					"@executable_path/Frameworks",
					"@executable_path/../../Frameworks",
				);
				PRODUCT_BUNDLE_IDENTIFIER = com.yumowu.maso.widgets;
				SDKROOT = iphoneos;
				SKIP_INSTALL = YES;
				TARGETED_DEVICE_FAMILY = 1;
			};
			name = Release;
		};
		3D5A46C84D76F1C5CD2AE2EF /* Release */ = {
			isa = XCBuildConfiguration;
			buildSettings = {
				ASSETCATALOG_COMPILER_APPICON_NAME = AppIcon;
				ASSETCATALOG_COMPILER_GLOBAL_ACCENT_COLOR_NAME = AccentColor;
				CODE_SIGN_ENTITLEMENTS = MasoWatch/MasoWatch.entitlements;
				GENERATE_INFOPLIST_FILE = NO;
				INFOPLIST_FILE = MasoWatch/Info.plist;
				PRODUCT_BUNDLE_IDENTIFIER = com.yumowu.maso.watchkitapp;
				SDKROOT = watchos;
				SKIP_INSTALL = YES;
				TARGETED_DEVICE_FAMILY = 4;
				WATCHOS_DEPLOYMENT_TARGET = 11.0;
			};
			name = Release;
		};
		40AEE95330C6EA3B7AC092D4 /* Debug */ = {
			isa = XCBuildConfiguration;
			buildSettings = {
				GENERATE_INFOPLIST_FILE = NO;
				INFOPLIST_FILE = MasoWidgets/Info.plist;
				INFOPLIST_KEY_CFBundleDisplayName = "Masso Widgets";
				LD_RUNPATH_SEARCH_PATHS = (
					"$(inherited)",
					"@executable_path/Frameworks",
					"@executable_path/../../Frameworks",
				);
				PRODUCT_BUNDLE_IDENTIFIER = com.yumowu.maso.widgets;
				SDKROOT = iphoneos;
				SKIP_INSTALL = YES;
				TARGETED_DEVICE_FAMILY = 1;
			};
			name = Debug;
		};
		8BF8B3B50FC41F3A6F5C5DB9 /* Release */ = {
			isa = XCBuildConfiguration;
			baseConfigurationReference = 653DD0BED86D314FCD0EA9CF /* Secrets.xcconfig */;
			buildSettings = {
				ASSETCATALOG_COMPILER_APPICON_NAME = AppIcon;
				ASSETCATALOG_COMPILER_GLOBAL_ACCENT_COLOR_NAME = AccentColor;
				CODE_SIGN_ENTITLEMENTS = Maso/Maso.entitlements;
				CODE_SIGN_IDENTITY = "iPhone Developer";
				GENERATE_INFOPLIST_FILE = NO;
				INFOPLIST_FILE = Maso/Info.plist;
				LD_RUNPATH_SEARCH_PATHS = (
					"$(inherited)",
					"@executable_path/Frameworks",
				);
				PRODUCT_BUNDLE_IDENTIFIER = com.yumowu.maso;
				SDKROOT = iphoneos;
				TARGETED_DEVICE_FAMILY = 1;
			};
			name = Release;
		};
		93867BCAF9A281A490D0319A /* Debug */ = {
			isa = XCBuildConfiguration;
			buildSettings = {
				ASSETCATALOG_COMPILER_APPICON_NAME = AppIcon;
				ASSETCATALOG_COMPILER_GLOBAL_ACCENT_COLOR_NAME = AccentColor;
				CODE_SIGN_ENTITLEMENTS = MasoWatch/MasoWatch.entitlements;
				GENERATE_INFOPLIST_FILE = NO;
				INFOPLIST_FILE = MasoWatch/Info.plist;
				PRODUCT_BUNDLE_IDENTIFIER = com.yumowu.maso.watchkitapp;
				SDKROOT = watchos;
				SKIP_INSTALL = YES;
				TARGETED_DEVICE_FAMILY = 4;
				WATCHOS_DEPLOYMENT_TARGET = 11.0;
			};
			name = Debug;
		};
		9D452DF85F165FD1BFD06E94 /* Debug */ = {
			isa = XCBuildConfiguration;
			baseConfigurationReference = 653DD0BED86D314FCD0EA9CF /* Secrets.xcconfig */;
			buildSettings = {
				ASSETCATALOG_COMPILER_APPICON_NAME = AppIcon;
				ASSETCATALOG_COMPILER_GLOBAL_ACCENT_COLOR_NAME = AccentColor;
				CODE_SIGN_ENTITLEMENTS = Maso/Maso.entitlements;
				CODE_SIGN_IDENTITY = "iPhone Developer";
				GENERATE_INFOPLIST_FILE = NO;
				INFOPLIST_FILE = Maso/Info.plist;
				LD_RUNPATH_SEARCH_PATHS = (
					"$(inherited)",
					"@executable_path/Frameworks",
				);
				PRODUCT_BUNDLE_IDENTIFIER = com.yumowu.maso;
				SDKROOT = iphoneos;
				TARGETED_DEVICE_FAMILY = 1;
			};
			name = Debug;
		};
		F76292AB4B8F98E572590A6E /* Release */ = {
			isa = XCBuildConfiguration;
			buildSettings = {
				ALWAYS_SEARCH_USER_PATHS = NO;
				CLANG_ANALYZER_NONNULL = YES;
				CLANG_ANALYZER_NUMBER_OBJECT_CONVERSION = YES_AGGRESSIVE;
				CLANG_CXX_LANGUAGE_STANDARD = "gnu++14";
				CLANG_CXX_LIBRARY = "libc++";
				CLANG_ENABLE_MODULES = YES;
				CLANG_ENABLE_OBJC_ARC = YES;
				CLANG_ENABLE_OBJC_WEAK = YES;
				CLANG_WARN_BLOCK_CAPTURE_AUTORELEASING = YES;
				CLANG_WARN_BOOL_CONVERSION = YES;
				CLANG_WARN_COMMA = YES;
				CLANG_WARN_CONSTANT_CONVERSION = YES;
				CLANG_WARN_DEPRECATED_OBJC_IMPLEMENTATIONS = YES;
				CLANG_WARN_DIRECT_OBJC_ISA_USAGE = YES_ERROR;
				CLANG_WARN_DOCUMENTATION_COMMENTS = YES;
				CLANG_WARN_EMPTY_BODY = YES;
				CLANG_WARN_ENUM_CONVERSION = YES;
				CLANG_WARN_INFINITE_RECURSION = YES;
				CLANG_WARN_INT_CONVERSION = YES;
				CLANG_WARN_NON_LITERAL_NULL_CONVERSION = YES;
				CLANG_WARN_OBJC_IMPLICIT_RETAIN_SELF = YES;
				CLANG_WARN_OBJC_LITERAL_CONVERSION = YES;
				CLANG_WARN_OBJC_ROOT_CLASS = YES_ERROR;
				CLANG_WARN_QUOTED_INCLUDE_IN_FRAMEWORK_HEADER = YES;
				CLANG_WARN_RANGE_LOOP_ANALYSIS = YES;
				CLANG_WARN_STRICT_PROTOTYPES = YES;
				CLANG_WARN_SUSPICIOUS_MOVE = YES;
				CLANG_WARN_UNGUARDED_AVAILABILITY = YES_AGGRESSIVE;
				CLANG_WARN_UNREACHABLE_CODE = YES;
				CLANG_WARN__DUPLICATE_METHOD_MATCH = YES;
				CODE_SIGN_STYLE = Automatic;
				COPY_PHASE_STRIP = NO;
				DEBUG_INFORMATION_FORMAT = "dwarf-with-dsym";
				DEVELOPMENT_TEAM = TW8ZVVX529;
				ENABLE_NS_ASSERTIONS = NO;
				ENABLE_STRICT_OBJC_MSGSEND = YES;
				ENABLE_USER_SCRIPT_SANDBOXING = NO;
				GCC_C_LANGUAGE_STANDARD = gnu11;
				GCC_NO_COMMON_BLOCKS = YES;
				GCC_WARN_64_TO_32_BIT_CONVERSION = YES;
				GCC_WARN_ABOUT_RETURN_TYPE = YES_ERROR;
				GCC_WARN_UNDECLARED_SELECTOR = YES;
				GCC_WARN_UNINITIALIZED_AUTOS = YES_AGGRESSIVE;
				GCC_WARN_UNUSED_FUNCTION = YES;
				GCC_WARN_UNUSED_VARIABLE = YES;
				IPHONEOS_DEPLOYMENT_TARGET = 18.0;
				MTL_ENABLE_DEBUG_INFO = NO;
				MTL_FAST_MATH = YES;
				PRODUCT_NAME = "$(TARGET_NAME)";
				SWIFT_COMPILATION_MODE = wholemodule;
				SWIFT_OPTIMIZATION_LEVEL = "-O";
				SWIFT_STRICT_CONCURRENCY = minimal;
				SWIFT_VERSION = 5.10;
				TARGETED_DEVICE_FAMILY = 1;
				WATCHOS_DEPLOYMENT_TARGET = 11.0;
			};
			name = Release;
		};
/* End XCBuildConfiguration section */

/* Begin XCConfigurationList section */
		1C138ABB57CE0A0610B6FFAB /* Build configuration list for PBXProject "Maso" */ = {
			isa = XCConfigurationList;
			buildConfigurations = (
				32B1150286F581ADC2F30524 /* Debug */,
				F76292AB4B8F98E572590A6E /* Release */,
			);
			defaultConfigurationIsVisible = 0;
			defaultConfigurationName = Debug;
		};
		6AEE97CEA22331D95068FDAB /* Build configuration list for PBXNativeTarget "MasoWatch" */ = {
			isa = XCConfigurationList;
			buildConfigurations = (
				93867BCAF9A281A490D0319A /* Debug */,
				3D5A46C84D76F1C5CD2AE2EF /* Release */,
			);
			defaultConfigurationIsVisible = 0;
			defaultConfigurationName = Debug;
		};
		A97EE1697D510373EBF5F10E /* Build configuration list for PBXNativeTarget "Maso" */ = {
			isa = XCConfigurationList;
			buildConfigurations = (
				9D452DF85F165FD1BFD06E94 /* Debug */,
				8BF8B3B50FC41F3A6F5C5DB9 /* Release */,
			);
			defaultConfigurationIsVisible = 0;
			defaultConfigurationName = Debug;
		};
		C95CDA834D1005B742FF88D7 /* Build configuration list for PBXNativeTarget "MasoWidgets" */ = {
			isa = XCConfigurationList;
			buildConfigurations = (
				40AEE95330C6EA3B7AC092D4 /* Debug */,
				36AD142E7E61D7493DD0BBAF /* Release */,
			);
			defaultConfigurationIsVisible = 0;
			defaultConfigurationName = Debug;
		};
/* End XCConfigurationList section */

/* Begin XCRemoteSwiftPackageReference section */
		622278E6046CFFC03E1F1349 /* XCRemoteSwiftPackageReference "MuscleMap" */ = {
			isa = XCRemoteSwiftPackageReference;
			repositoryURL = "https://github.com/melihcolpan/MuscleMap";
			requirement = {
				kind = upToNextMajorVersion;
				minimumVersion = 1.6.4;
			};
		};
		D96E17F3D8BC8A17FEA09E0F /* XCRemoteSwiftPackageReference "lottie-spm" */ = {
			isa = XCRemoteSwiftPackageReference;
			repositoryURL = "https://github.com/airbnb/lottie-spm";
			requirement = {
				kind = exactVersion;
				version = 4.5.2;
			};
		};
/* End XCRemoteSwiftPackageReference section */

/* Begin XCSwiftPackageProductDependency section */
		31990508FD012FF9FC4CE295 /* Lottie */ = {
			isa = XCSwiftPackageProductDependency;
			package = D96E17F3D8BC8A17FEA09E0F /* XCRemoteSwiftPackageReference "lottie-spm" */;
			productName = Lottie;
		};
		A51CA81287BF42F6C0DF248E /* MuscleMap */ = {
			isa = XCSwiftPackageProductDependency;
			package = 622278E6046CFFC03E1F1349 /* XCRemoteSwiftPackageReference "MuscleMap" */;
			productName = MuscleMap;
		};
/* End XCSwiftPackageProductDependency section */
	};
	rootObject = 42D8EA3365C5EB4B4D4E3DEC /* Project object */;
}
